// !$*UTF8*$!
{
	archiveVersion = 1;
	classes = {
	};
	objectVersion = 48;
	objects = {

/* Begin PBXBuildFile section */
		FF6D99C01F4152AD0006E6D3 /* AppDelegate.swift in Sources */ = {isa = PBXBuildFile; fileRef = FF6D99BF1F4152AD0006E6D3 /* AppDelegate.swift */; };
		FF6D99C21F4152AD0006E6D3 /* ViewController.swift in Sources */ = {isa = PBXBuildFile; fileRef = FF6D99C11F4152AD0006E6D3 /* ViewController.swift */; };
		FF6D99C51F4152AD0006E6D3 /* Main.storyboard in Resources */ = {isa = PBXBuildFile; fileRef = FF6D99C31F4152AD0006E6D3 /* Main.storyboard */; };
		FF6D99C71F4152AD0006E6D3 /* Assets.xcassets in Resources */ = {isa = PBXBuildFile; fileRef = FF6D99C61F4152AD0006E6D3 /* Assets.xcassets */; };
		FF6D99CA1F4152AD0006E6D3 /* LaunchScreen.storyboard in Resources */ = {isa = PBXBuildFile; fileRef = FF6D99C81F4152AD0006E6D3 /* LaunchScreen.storyboard */; };
/* End PBXBuildFile section */

/* Begin PBXFileReference section */
		FF6D99BC1F4152AD0006E6D3 /* uiScrollView_carousel.app */ = {isa = PBXFileReference; explicitFileType = wrapper.application; includeInIndex = 0; path = uiScrollView_carousel.app; sourceTree = BUILT_PRODUCTS_DIR; };
		FF6D99BF1F4152AD0006E6D3 /* AppDelegate.swift */ = {isa = PBXFileReference; lastKnownFileType = sourcecode.swift; path = AppDelegate.swift; sourceTree = "<group>"; };
		FF6D99C11F4152AD0006E6D3 /* ViewController.swift */ = {isa = PBXFileReference; lastKnownFileType = sourcecode.swift; path = ViewController.swift; sourceTree = "<group>"; };
		FF6D99C41F4152AD0006E6D3 /* Base */ = {isa = PBXFileReference; lastKnownFileType = file.storyboard; name = Base; path = Base.lproj/Main.storyboard; sourceTree = "<group>"; };
		FF6D99C61F4152AD0006E6D3 /* Assets.xcassets */ = {isa = PBXFileReference; lastKnownFileType = folder.assetcatalog; path = Assets.xcassets; sourceTree = "<group>"; };
		FF6D99C91F4152AD0006E6D3 /* Base */ = {isa = PBXFileReference; lastKnownFileType = file.storyboard; name = Base; path = Base.lproj/LaunchScreen.storyboard; sourceTree = "<group>"; };
		FF6D99CB1F4152AD0006E6D3 /* Info.plist */ = {isa = PBXFileReference; lastKnownFileType = text.plist.xml; path = Info.plist; sourceTree = "<group>"; };
/* End PBXFileReference section */

/* Begin PBXFrameworksBuildPhase section */
		FF6D99B91F4152AD0006E6D3 /* Frameworks */ = {
			isa = PBXFrameworksBuildPhase;
			buildActionMask = 2147483647;
			files = (
			);
			runOnlyForDeploymentPostprocessing = 0;
		};
/* End PBXFrameworksBuildPhase section */

/* Begin PBXGroup section */
		FF6D99B31F4152AD0006E6D3 = {
			isa = PBXGroup;
			children = (
				FF6D99BE1F4152AD0006E6D3 /* uiScrollView_carousel */,
				FF6D99BD1F4152AD0006E6D3 /* Products */,
			);
			sourceTree = "<group>";
		};
		FF6D99BD1F4152AD0006E6D3 /* Products */ = {
			isa = PBXGroup;
			children = (
				FF6D99BC1F4152AD0006E6D3 /* uiScrollView_carousel.app */,
			);
			name = Products;
			sourceTree = "<group>";
		};
		FF6D99BE1F4152AD0006E6D3 /* uiScrollView_carousel */ = {
			isa = PBXGroup;
			children = (
				FF6D99BF1F4152AD0006E6D3 /* AppDelegate.swift */,
				FF6D99C11F4152AD0006E6D3 /* ViewController.swift */,
				FF6D99C31F4152AD0006E6D3 /* Main.storyboard */,
				FF6D99C61F4152AD0006E6D3 /* Assets.xcassets */,
				FF6D99C81F4152AD0006E6D3 /* LaunchScreen.storyboard */,
				FF6D99CB1F4152AD0006E6D3 /* Info.plist */,
			);
			path = uiScrollView_carousel;
			sourceTree = "<group>";
		};
/* End PBXGroup section */

/* Begin PBXNativeTarget section */
		FF6D99BB1F4152AD0006E6D3 /* uiScrollView_carousel */ = {
			isa = PBXNativeTarget;
			buildConfigurationList = FF6D99CE1F4152AD0006E6D3 /* Build configuration list for PBXNativeTarget "uiScrollView_carousel" */;
			buildPhases = (
				FF6D99B81F4152AD0006E6D3 /* Sources */,
				FF6D99B91F4152AD0006E6D3 /* Frameworks */,
				FF6D99BA1F4152AD0006E6D3 /* Resources */,
			);
			buildRules = (
			);
			dependencies = (
			);
			name = uiScrollView_carousel;
			productName = uiScrollView_carousel;
			productReference = FF6D99BC1F4152AD0006E6D3 /* uiScrollView_carousel.app */;
			productType = "com.apple.product-type.application";
		};
/* End PBXNativeTarget section */

/* Begin PBXProject section */
		FF6D99B41F4152AD0006E6D3 /* Project object */ = {
			isa = PBXProject;
			attributes = {
				LastSwiftUpdateCheck = 0900;
				LastUpgradeCheck = 0900;
				ORGANIZATIONNAME = "yoshiyuki oshige";
				TargetAttributes = {
					FF6D99BB1F4152AD0006E6D3 = {
						CreatedOnToolsVersion = 9.0;
					};
				};
			};
			buildConfigurationList = FF6D99B71F4152AD0006E6D3 /* Build configuration list for PBXProject "uiScrollView_carousel" */;
			compatibilityVersion = "Xcode 8.0";
			developmentRegion = en;
			hasScannedForEncodings = 0;
			knownRegions = (
				en,
				Base,
			);
			mainGroup = FF6D99B31F4152AD0006E6D3;
			productRefGroup = FF6D99BD1F4152AD0006E6D3 /* Products */;
			projectDirPath = "";
			projectRoot = "";
			targets = (
				FF6D99BB1F4152AD0006E6D3 /* uiScrollView_carousel */,
			);
		};
/* End PBXProject section */

/* Begin PBXResourcesBuildPhase section */
		FF6D99BA1F4152AD0006E6D3 /* Resources */ = {
			isa = PBXResourcesBuildPhase;
			buildActionMask = 2147483647;
			files = (
				FF6D99CA1F4152AD0006E6D3 /* LaunchScreen.storyboard in Resources */,
				FF6D99C71F4152AD0006E6D3 /* Assets.xcassets in Resources */,
				FF6D99C51F4152AD0006E6D3 /* Main.storyboard in Resources */,
			);
			runOnlyForDeploymentPostprocessing = 0;
		};
/* End PBXResourcesBuildPhase section */

/* Begin PBXSourcesBuildPhase section */
		FF6D99B81F4152AD0006E6D3 /* Sources */ = {
			isa = PBXSourcesBuildPhase;
			buildActionMask = 2147483647;
			files = (
				FF6D99C21F4152AD0006E6D3 /* ViewController.swift in Sources */,
				FF6D99C01F4152AD0006E6D3 /* AppDelegate.swift in Sources */,
			);
			runOnlyForDeploymentPostprocessing = 0;
		};
/* End PBXSourcesBuildPhase section */

/* Begin PBXVariantGroup section */
		FF6D99C31F4152AD0006E6D3 /* Main.storyboard */ = {
			isa = PBXVariantGroup;
			children = (
				FF6D99C41F4152AD0006E6D3 /* Base */,
			);
			name = Main.storyboard;
			sourceTree = "<group>";
		};
		FF6D99C81F4152AD0006E6D3 /* LaunchScreen.storyboard */ = {
			isa = PBXVariantGroup;
			children = (
				FF6D99C91F4152AD0006E6D3 /* Base */,
			);
			name = LaunchScreen.storyboard;
			sourceTree = "<group>";
		};
/* End PBXVariantGroup section */

/* Begin XCBuildConfiguration section */
		FF6D99CC1F4152AD0006E6D3 /* Debug */ = {
			isa = XCBuildConfiguration;
			buildSettings = {
				ALWAYS_SEARCH_USER_PATHS = NO;
				CLANG_ANALYZER_NONNULL = YES;
				CLANG_ANALYZER_NUMBER_OBJECT_CONVERSION = YES_AGGRESSIVE;
				CLANG_CXX_LANGUAGE_STANDARD = "gnu++14";
				CLANG_CXX_LIBRARY = "libc++";
				CLANG_ENABLE_MODULES = YES;
				CLANG_ENABLE_OBJC_ARC = YES;
				CLANG_WARN_BLOCK_CAPTURE_AUTORELEASING = YES;
				CLANG_WARN_BOOL_CONVERSION = YES;
				CLANG_WARN_COMMA = YES;
				CLANG_WARN_CONSTANT_CONVERSION = YES;
				CLANG_WARN_DIRECT_OBJC_ISA_USAGE = YES_ERROR;
				CLANG_WARN_DOCUMENTATION_COMMENTS = YES;
				CLANG_WARN_EMPTY_BODY = YES;
				CLANG_WARN_ENUM_CONVERSION = YES;
				CLANG_WARN_INFINITE_RECURSION = YES;
				CLANG_WARN_INT_CONVERSION = YES;
				CLANG_WARN_NON_LITERAL_NULL_CONVERSION = YES;
				CLANG_WARN_OBJC_LITERAL_CONVERSION = YES;
				CLANG_WARN_OBJC_ROOT_CLASS = YES_ERROR;
				CLANG_WARN_RANGE_LOOP_ANALYSIS = YES;
				CLANG_WARN_STRICT_PROTOTYPES = YES;
				CLANG_WARN_SUSPICIOUS_MOVE = YES;
				CLANG_WARN_UNGUARDED_AVAILABILITY = YES_AGGRESSIVE;
				CLANG_WARN_UNREACHABLE_CODE = YES;
				CLANG_WARN__DUPLICATE_METHOD_MATCH = YES;
				CODE_SIGN_IDENTITY = "iPhone Developer";
				COPY_PHASE_STRIP = NO;
				DEBUG_INFORMATION_FORMAT = dwarf;
				ENABLE_STRICT_OBJC_MSGSEND = YES;
				ENABLE_TESTABILITY = YES;
				GCC_C_LANGUAGE_STANDARD = gnu11;
				GCC_DYNAMIC_NO_PIC = NO;
				GCC_NO_COMMON_BLOCKS = YES;
				GCC_OPTIMIZATION_LEVEL = 0;
				GCC_PREPROCESSOR_DEFINITIONS = (
					"DEBUG=1",
					"$(inherited)",
				);
				GCC_WARN_64_TO_32_BIT_CONVERSION = YES;
				GCC_WARN_ABOUT_RETURN_TYPE = YES_ERROR;
				GCC_WARN_UNDECLARED_SELECTOR = YES;
				GCC_WARN_UNINITIALIZED_AUTOS = YES_AGGRESSIVE;
				GCC_WARN_UNUSED_FUNCTION = YES;
				GCC_WARN_UNUSED_VARIABLE = YES;
				IPHONEOS_DEPLOYMENT_TARGET = 11.0;
				MTL_ENABLE_DEBUG_INFO = YES;
				ONLY_ACTIVE_ARCH = YES;
				SDKROOT = iphoneos;
				SWIFT_ACTIVE_COMPILATION_CONDITIONS = DEBUG;
				SWIFT_OPTIMIZATION_LEVEL = "-Onone";
			};
			name = Debug;
		};
		FF6D99CD1F4152AD0006E6D3 /* Release */ = {
			isa = XCBuildConfiguration;
			buildSettings = {
				ALWAYS_SEARCH_USER_PATHS = NO;
				CLANG_ANALYZER_NONNULL = YES;
				CLANG_ANALYZER_NUMBER_OBJECT_CONVERSION = YES_AGGRESSIVE;
				CLANG_CXX_LANGUAGE_STANDARD = "gnu++14";
				CLANG_CXX_LIBRARY = "libc++";
				CLANG_ENABLE_MODULES = YES;
				CLANG_ENABLE_OBJC_ARC = YES;
				CLANG_WARN_BLOCK_CAPTURE_AUTORELEASING = YES;
				CLANG_WARN_BOOL_CONVERSION = YES;
				CLANG_WARN_COMMA = YES;
				CLANG_WARN_CONSTANT_CONVERSION = YES;
				CLANG_WARN_DIRECT_OBJC_ISA_USAGE = YES_ERROR;
				CLANG_WARN_DOCUMENTATION_COMMENTS = YES;
				CLANG_WARN_EMPTY_BODY = YES;
				CLANG_WARN_ENUM_CONVERSION = YES;
				CLANG_WARN_INFINITE_RECURSION = YES;
				CLANG_WARN_INT_CONVERSION = YES;
				CLANG_WARN_NON_LITERAL_NULL_CONVERSION = YES;
				CLANG_WARN_OBJC_LITERAL_CONVERSION = YES;
				CLANG_WARN_OBJC_ROOT_CLASS = YES_ERROR;
				CLANG_WARN_RANGE_LOOP_ANALYSIS = YES;
				CLANG_WARN_STRICT_PROTOTYPES = YES;
				CLANG_WARN_SUSPICIOUS_MOVE = YES;
				CLANG_WARN_UNGUARDED_AVAILABILITY = YES_AGGRESSIVE;
				CLANG_WARN_UNREACHABLE_CODE = YES;
				CLANG_WARN__DUPLICATE_METHOD_MATCH = YES;
				CODE_SIGN_IDENTITY = "iPhone Developer";
				COPY_PHASE_STRIP = NO;
				DEBUG_INFORMATION_FORMAT = "dwarf-with-dsym";
				ENABLE_NS_ASSERTIONS = NO;
				ENABLE_STRICT_OBJC_MSGSEND = YES;
				GCC_C_LANGUAGE_STANDARD = gnu11;
				GCC_NO_COMMON_BLOCKS = YES;
				GCC_WARN_64_TO_32_BIT_CONVERSION = YES;
				GCC_WARN_ABOUT_RETURN_TYPE = YES_ERROR;
				GCC_WARN_UNDECLARED_SELECTOR = YES;
				GCC_WARN_UNINITIALIZED_AUTOS = YES_AGGRESSIVE;
				GCC_WARN_UNUSED_FUNCTION = YES;
				GCC_WARN_UNUSED_VARIABLE = YES;
				IPHONEOS_DEPLOYMENT_TARGET = 11.0;
				MTL_ENABLE_DEBUG_INFO = NO;
				SDKROOT = iphoneos;
				SWIFT_OPTIMIZATION_LEVEL = "-Owholemodule";
				VALIDATE_PRODUCT = YES;
			};
			name = Release;
		};
		FF6D99CF1F4152AD0006E6D3 /* Debug */ = {
			isa = XCBuildConfiguration;
			buildSettings = {
				ASSETCATALOG_COMPILER_APPICON_NAME = AppIcon;
				DEVELOPMENT_TEAM = "";
				INFOPLIST_FILE = uiScrollView_carousel/Info.plist;
				LD_RUNPATH_SEARCH_PATHS = "$(inherited) @executable_path/Frameworks";
				PRODUCT_BUNDLE_IDENTIFIER = "com.oshige.uiScrollView-carousel";
				PRODUCT_NAME = "$(TARGET_NAME)";
				SWIFT_VERSION = 4.0;
				TARGETED_DEVICE_FAMILY = "1,2";
			};
			name = Debug;
		};
		FF6D99D01F4152AD0006E6D3 /* Release */ = {
			isa = XCBuildConfiguration;
			buildSettings = {
				ASSETCATALOG_COMPILER_APPICON_NAME = AppIcon;
				DEVELOPMENT_TEAM = "";
				INFOPLIST_FILE = uiScrollView_carousel/Info.plist;
				LD_RUNPATH_SEARCH_PATHS = "$(inherited) @executable_path/Frameworks";
				PRODUCT_BUNDLE_IDENTIFIER = "com.oshige.uiScrollView-carousel";
				PRODUCT_NAME = "$(TARGET_NAME)";
				SWIFT_VERSION = 4.0;
				TARGETED_DEVICE_FAMILY = "1,2";
			};
			name = Release;
		};
/* End XCBuildConfiguration section */

/* Begin XCConfigurationList section */
		FF6D99B71F4152AD0006E6D3 /* Build configuration list for PBXProject "uiScrollView_carousel" */ = {
			isa = XCConfigurationList;
			buildConfigurations = (
				FF6D99CC1F4152AD0006E6D3 /* Debug */,
				FF6D99CD1F4152AD0006E6D3 /* Release */,
			);
			defaultConfigurationIsVisible = 0;
			defaultConfigurationName = Release;
		};
		FF6D99CE1F4152AD0006E6D3 /* Build configuration list for PBXNativeTarget "uiScrollView_carousel" */ = {
			isa = XCConfigurationList;
			buildConfigurations = (
				FF6D99CF1F4152AD0006E6D3 /* Debug */,
				FF6D99D01F4152AD0006E6D3 /* Release */,
			);
			defaultConfigurationIsVisible = 0;
			defaultConfigurationName = Release;
		};
/* End XCConfigurationList section */
	};
	rootObject = FF6D99B41F4152AD0006E6D3 /* Project object */;
}
