// !$*UTF8*$!
{
	archiveVersion = 1;
	classes = {
	};
	objectVersion = 48;
	objects = {

/* Begin PBXBuildFile section */
		FFE5359A1F5799A600F0C8F0 /* AppDelegate.swift in Sources */ = {isa = PBXBuildFile; fileRef = FFE535991F5799A600F0C8F0 /* AppDelegate.swift */; };
		FFE5359C1F5799A600F0C8F0 /* ViewController.swift in Sources */ = {isa = PBXBuildFile; fileRef = FFE5359B1F5799A600F0C8F0 /* ViewController.swift */; };
		FFE5359F1F5799A700F0C8F0 /* Main.storyboard in Resources */ = {isa = PBXBuildFile; fileRef = FFE5359D1F5799A700F0C8F0 /* Main.storyboard */; };
		FFE535A11F5799A700F0C8F0 /* Assets.xcassets in Resources */ = {isa = PBXBuildFile; fileRef = FFE535A01F5799A700F0C8F0 /* Assets.xcassets */; };
		FFE535A41F5799A700F0C8F0 /* LaunchScreen.storyboard in Resources */ = {isa = PBXBuildFile; fileRef = FFE535A21F5799A700F0C8F0 /* LaunchScreen.storyboard */; };
		FFE535AE1F579BF900F0C8F0 /* ExtensionViewController.swift in Sources */ = {isa = PBXBuildFile; fileRef = FFE535AD1F579BF900F0C8F0 /* ExtensionViewController.swift */; };
/* End PBXBuildFile section */

/* Begin PBXFileReference section */
		FFE535961F5799A600F0C8F0 /* avCapturePhoto_share.app */ = {isa = PBXFileReference; explicitFileType = wrapper.application; includeInIndex = 0; path = avCapturePhoto_share.app; sourceTree = BUILT_PRODUCTS_DIR; };
		FFE535991F5799A600F0C8F0 /* AppDelegate.swift */ = {isa = PBXFileReference; lastKnownFileType = sourcecode.swift; path = AppDelegate.swift; sourceTree = "<group>"; };
		FFE5359B1F5799A600F0C8F0 /* ViewController.swift */ = {isa = PBXFileReference; lastKnownFileType = sourcecode.swift; path = ViewController.swift; sourceTree = "<group>"; };
		FFE5359E1F5799A700F0C8F0 /* Base */ = {isa = PBXFileReference; lastKnownFileType = file.storyboard; name = Base; path = Base.lproj/Main.storyboard; sourceTree = "<group>"; };
		FFE535A01F5799A700F0C8F0 /* Assets.xcassets */ = {isa = PBXFileReference; lastKnownFileType = folder.assetcatalog; path = Assets.xcassets; sourceTree = "<group>"; };
		FFE535A31F5799A700F0C8F0 /* Base */ = {isa = PBXFileReference; lastKnownFileType = file.storyboard; name = Base; path = Base.lproj/LaunchScreen.storyboard; sourceTree = "<group>"; };
		FFE535A51F5799A700F0C8F0 /* Info.plist */ = {isa = PBXFileReference; lastKnownFileType = text.plist.xml; path = Info.plist; sourceTree = "<group>"; };
		FFE535AD1F579BF900F0C8F0 /* ExtensionViewController.swift */ = {isa = PBXFileReference; lastKnownFileType = sourcecode.swift; path = ExtensionViewController.swift; sourceTree = "<group>"; };
/* End PBXFileReference section */

/* Begin PBXFrameworksBuildPhase section */
		FFE535931F5799A600F0C8F0 /* Frameworks */ = {
			isa = PBXFrameworksBuildPhase;
			buildActionMask = 2147483647;
			files = (
			);
			runOnlyForDeploymentPostprocessing = 0;
		};
/* End PBXFrameworksBuildPhase section */

/* Begin PBXGroup section */
		FFE5358D1F5799A600F0C8F0 = {
			isa = PBXGroup;
			children = (
				FFE535981F5799A600F0C8F0 /* avCapturePhoto_share */,
				FFE535971F5799A600F0C8F0 /* Products */,
			);
			sourceTree = "<group>";
		};
		FFE535971F5799A600F0C8F0 /* Products */ = {
			isa = PBXGroup;
			children = (
				FFE535961F5799A600F0C8F0 /* avCapturePhoto_share.app */,
			);
			name = Products;
			sourceTree = "<group>";
		};
		FFE535981F5799A600F0C8F0 /* avCapturePhoto_share */ = {
			isa = PBXGroup;
			children = (
				FFE535991F5799A600F0C8F0 /* AppDelegate.swift */,
				FFE5359B1F5799A600F0C8F0 /* ViewController.swift */,
				FFE535AD1F579BF900F0C8F0 /* ExtensionViewController.swift */,
				FFE5359D1F5799A700F0C8F0 /* Main.storyboard */,
				FFE535A01F5799A700F0C8F0 /* Assets.xcassets */,
				FFE535A21F5799A700F0C8F0 /* LaunchScreen.storyboard */,
				FFE535A51F5799A700F0C8F0 /* Info.plist */,
			);
			path = avCapturePhoto_share;
			sourceTree = "<group>";
		};
/* End PBXGroup section */

/* Begin PBXNativeTarget section */
		FFE535951F5799A600F0C8F0 /* avCapturePhoto_share */ = {
			isa = PBXNativeTarget;
			buildConfigurationList = FFE535A81F5799A700F0C8F0 /* Build configuration list for PBXNativeTarget "avCapturePhoto_share" */;
			buildPhases = (
				FFE535921F5799A600F0C8F0 /* Sources */,
				FFE535931F5799A600F0C8F0 /* Frameworks */,
				FFE535941F5799A600F0C8F0 /* Resources */,
			);
			buildRules = (
			);
			dependencies = (
			);
			name = avCapturePhoto_share;
			productName = avCapturePhoto_share;
			productReference = FFE535961F5799A600F0C8F0 /* avCapturePhoto_share.app */;
			productType = "com.apple.product-type.application";
		};
/* End PBXNativeTarget section */

/* Begin PBXProject section */
		FFE5358E1F5799A600F0C8F0 /* Project object */ = {
			isa = PBXProject;
			attributes = {
				LastSwiftUpdateCheck = 0900;
				LastUpgradeCheck = 0900;
				ORGANIZATIONNAME = "yoshiyuki oshige";
				TargetAttributes = {
					FFE535951F5799A600F0C8F0 = {
						CreatedOnToolsVersion = 9.0;
						ProvisioningStyle = Automatic;
					};
				};
			};
			buildConfigurationList = FFE535911F5799A600F0C8F0 /* Build configuration list for PBXProject "avCapturePhoto_share" */;
			compatibilityVersion = "Xcode 8.0";
			developmentRegion = en;
			hasScannedForEncodings = 0;
			knownRegions = (
				en,
				Base,
			);
			mainGroup = FFE5358D1F5799A600F0C8F0;
			productRefGroup = FFE535971F5799A600F0C8F0 /* Products */;
			projectDirPath = "";
			projectRoot = "";
			targets = (
				FFE535951F5799A600F0C8F0 /* avCapturePhoto_share */,
			);
		};
/* End PBXProject section */

/* Begin PBXResourcesBuildPhase section */
		FFE535941F5799A600F0C8F0 /* Resources */ = {
			isa = PBXResourcesBuildPhase;
			buildActionMask = 2147483647;
			files = (
				FFE535A41F5799A700F0C8F0 /* LaunchScreen.storyboard in Resources */,
				FFE535A11F5799A700F0C8F0 /* Assets.xcassets in Resources */,
				FFE5359F1F5799A700F0C8F0 /* Main.storyboard in Resources */,
			);
			runOnlyForDeploymentPostprocessing = 0;
		};
/* End PBXResourcesBuildPhase section */

/* Begin PBXSourcesBuildPhase section */
		FFE535921F5799A600F0C8F0 /* Sources */ = {
			isa = PBXSourcesBuildPhase;
			buildActionMask = 2147483647;
			files = (
				FFE5359C1F5799A600F0C8F0 /* ViewController.swift in Sources */,
				FFE5359A1F5799A600F0C8F0 /* AppDelegate.swift in Sources */,
				FFE535AE1F579BF900F0C8F0 /* ExtensionViewController.swift in Sources */,
			);
			runOnlyForDeploymentPostprocessing = 0;
		};
/* End PBXSourcesBuildPhase section */

/* Begin PBXVariantGroup section */
		FFE5359D1F5799A700F0C8F0 /* Main.storyboard */ = {
			isa = PBXVariantGroup;
			children = (
				FFE5359E1F5799A700F0C8F0 /* Base */,
			);
			name = Main.storyboard;
			sourceTree = "<group>";
		};
		FFE535A21F5799A700F0C8F0 /* LaunchScreen.storyboard */ = {
			isa = PBXVariantGroup;
			children = (
				FFE535A31F5799A700F0C8F0 /* Base */,
			);
			name = LaunchScreen.storyboard;
			sourceTree = "<group>";
		};
/* End PBXVariantGroup section */

/* Begin XCBuildConfiguration section */
		FFE535A61F5799A700F0C8F0 /* Debug */ = {
			isa = XCBuildConfiguration;
			buildSettings = {
				ALWAYS_SEARCH_USER_PATHS = NO;
				CLANG_ANALYZER_NONNULL = YES;
				CLANG_ANALYZER_NUMBER_OBJECT_CONVERSION = YES_AGGRESSIVE;
				CLANG_CXX_LANGUAGE_STANDARD = "gnu++14";
				CLANG_CXX_LIBRARY = "libc++";
				CLANG_ENABLE_MODULES = YES;
				CLANG_ENABLE_OBJC_ARC = YES;
				CLANG_WARN_BLOCK_CAPTURE_AUTORELEASING = YES;
				CLANG_WARN_BOOL_CONVERSION = YES;
				CLANG_WARN_COMMA = YES;
				CLANG_WARN_CONSTANT_CONVERSION = YES;
				CLANG_WARN_DIRECT_OBJC_ISA_USAGE = YES_ERROR;
				CLANG_WARN_DOCUMENTATION_COMMENTS = YES;
				CLANG_WARN_EMPTY_BODY = YES;
				CLANG_WARN_ENUM_CONVERSION = YES;
				CLANG_WARN_INFINITE_RECURSION = YES;
				CLANG_WARN_INT_CONVERSION = YES;
				CLANG_WARN_NON_LITERAL_NULL_CONVERSION = YES;
				CLANG_WARN_OBJC_LITERAL_CONVERSION = YES;
				CLANG_WARN_OBJC_ROOT_CLASS = YES_ERROR;
				CLANG_WARN_RANGE_LOOP_ANALYSIS = YES;
				CLANG_WARN_STRICT_PROTOTYPES = YES;
				CLANG_WARN_SUSPICIOUS_MOVE = YES;
				CLANG_WARN_UNGUARDED_AVAILABILITY = YES_AGGRESSIVE;
				CLANG_WARN_UNREACHABLE_CODE = YES;
				CLANG_WARN__DUPLICATE_METHOD_MATCH = YES;
				CODE_SIGN_IDENTITY = "iPhone Developer";
				COPY_PHASE_STRIP = NO;
				DEBUG_INFORMATION_FORMAT = dwarf;
				ENABLE_STRICT_OBJC_MSGSEND = YES;
				ENABLE_TESTABILITY = YES;
				GCC_C_LANGUAGE_STANDARD = gnu11;
				GCC_DYNAMIC_NO_PIC = NO;
				GCC_NO_COMMON_BLOCKS = YES;
				GCC_OPTIMIZATION_LEVEL = 0;
				GCC_PREPROCESSOR_DEFINITIONS = (
					"DEBUG=1",
					"$(inherited)",
				);
				GCC_WARN_64_TO_32_BIT_CONVERSION = YES;
				GCC_WARN_ABOUT_RETURN_TYPE = YES_ERROR;
				GCC_WARN_UNDECLARED_SELECTOR = YES;
				GCC_WARN_UNINITIALIZED_AUTOS = YES_AGGRESSIVE;
				GCC_WARN_UNUSED_FUNCTION = YES;
				GCC_WARN_UNUSED_VARIABLE = YES;
				IPHONEOS_DEPLOYMENT_TARGET = 11.0;
				MTL_ENABLE_DEBUG_INFO = YES;
				ONLY_ACTIVE_ARCH = YES;
				SDKROOT = iphoneos;
				SWIFT_ACTIVE_COMPILATION_CONDITIONS = DEBUG;
				SWIFT_OPTIMIZATION_LEVEL = "-Onone";
			};
			name = Debug;
		};
		FFE535A71F5799A700F0C8F0 /* Release */ = {
			isa = XCBuildConfiguration;
			buildSettings = {
				ALWAYS_SEARCH_USER_PATHS = NO;
				CLANG_ANALYZER_NONNULL = YES;
				CLANG_ANALYZER_NUMBER_OBJECT_CONVERSION = YES_AGGRESSIVE;
				CLANG_CXX_LANGUAGE_STANDARD = "gnu++14";
				CLANG_CXX_LIBRARY = "libc++";
				CLANG_ENABLE_MODULES = YES;
				CLANG_ENABLE_OBJC_ARC = YES;
				CLANG_WARN_BLOCK_CAPTURE_AUTORELEASING = YES;
				CLANG_WARN_BOOL_CONVERSION = YES;
				CLANG_WARN_COMMA = YES;
				CLANG_WARN_CONSTANT_CONVERSION = YES;
				CLANG_WARN_DIRECT_OBJC_ISA_USAGE = YES_ERROR;
				CLANG_WARN_DOCUMENTATION_COMMENTS = YES;
				CLANG_WARN_EMPTY_BODY = YES;
				CLANG_WARN_ENUM_CONVERSION = YES;
				CLANG_WARN_INFINITE_RECURSION = YES;
				CLANG_WARN_INT_CONVERSION = YES;
				CLANG_WARN_NON_LITERAL_NULL_CONVERSION = YES;
				CLANG_WARN_OBJC_LITERAL_CONVERSION = YES;
				CLANG_WARN_OBJC_ROOT_CLASS = YES_ERROR;
				CLANG_WARN_RANGE_LOOP_ANALYSIS = YES;
				CLANG_WARN_STRICT_PROTOTYPES = YES;
				CLANG_WARN_SUSPICIOUS_MOVE = YES;
				CLANG_WARN_UNGUARDED_AVAILABILITY = YES_AGGRESSIVE;
				CLANG_WARN_UNREACHABLE_CODE = YES;
				CLANG_WARN__DUPLICATE_METHOD_MATCH = YES;
				CODE_SIGN_IDENTITY = "iPhone Developer";
				COPY_PHASE_STRIP = NO;
				DEBUG_INFORMATION_FORMAT = "dwarf-with-dsym";
				ENABLE_NS_ASSERTIONS = NO;
				ENABLE_STRICT_OBJC_MSGSEND = YES;
				GCC_C_LANGUAGE_STANDARD = gnu11;
				GCC_NO_COMMON_BLOCKS = YES;
				GCC_WARN_64_TO_32_BIT_CONVERSION = YES;
				GCC_WARN_ABOUT_RETURN_TYPE = YES_ERROR;
				GCC_WARN_UNDECLARED_SELECTOR = YES;
				GCC_WARN_UNINITIALIZED_AUTOS = YES_AGGRESSIVE;
				GCC_WARN_UNUSED_FUNCTION = YES;
				GCC_WARN_UNUSED_VARIABLE = YES;
				IPHONEOS_DEPLOYMENT_TARGET = 11.0;
				MTL_ENABLE_DEBUG_INFO = NO;
				SDKROOT = iphoneos;
				SWIFT_OPTIMIZATION_LEVEL = "-Owholemodule";
				VALIDATE_PRODUCT = YES;
			};
			name = Release;
		};
		FFE535A91F5799A700F0C8F0 /* Debug */ = {
			isa = XCBuildConfiguration;
			buildSettings = {
				ASSETCATALOG_COMPILER_APPICON_NAME = AppIcon;
				CODE_SIGN_STYLE = Automatic;
				DEVELOPMENT_TEAM = "";
				INFOPLIST_FILE = avCapturePhoto_share/Info.plist;
				LD_RUNPATH_SEARCH_PATHS = "$(inherited) @executable_path/Frameworks";
				PRODUCT_BUNDLE_IDENTIFIER = "com.oshige.avCapturePhoto-share";
				PRODUCT_NAME = "$(TARGET_NAME)";
				SWIFT_VERSION = 4.0;
				TARGETED_DEVICE_FAMILY = "1,2";
			};
			name = Debug;
		};
		FFE535AA1F5799A700F0C8F0 /* Release */ = {
			isa = XCBuildConfiguration;
			buildSettings = {
				ASSETCATALOG_COMPILER_APPICON_NAME = AppIcon;
				CODE_SIGN_STYLE = Automatic;
				DEVELOPMENT_TEAM = "";
				INFOPLIST_FILE = avCapturePhoto_share/Info.plist;
				LD_RUNPATH_SEARCH_PATHS = "$(inherited) @executable_path/Frameworks";
				PRODUCT_BUNDLE_IDENTIFIER = "com.oshige.avCapturePhoto-share";
				PRODUCT_NAME = "$(TARGET_NAME)";
				SWIFT_VERSION = 4.0;
				TARGETED_DEVICE_FAMILY = "1,2";
			};
			name = Release;
		};
/* End XCBuildConfiguration section */

/* Begin XCConfigurationList section */
		FFE535911F5799A600F0C8F0 /* Build configuration list for PBXProject "avCapturePhoto_share" */ = {
			isa = XCConfigurationList;
			buildConfigurations = (
				FFE535A61F5799A700F0C8F0 /* Debug */,
				FFE535A71F5799A700F0C8F0 /* Release */,
			);
			defaultConfigurationIsVisible = 0;
			defaultConfigurationName = Release;
		};
		FFE535A81F5799A700F0C8F0 /* Build configuration list for PBXNativeTarget "avCapturePhoto_share" */ = {
			isa = XCConfigurationList;
			buildConfigurations = (
				FFE535A91F5799A700F0C8F0 /* Debug */,
				FFE535AA1F5799A700F0C8F0 /* Release */,
			);
			defaultConfigurationIsVisible = 0;
			defaultConfigurationName = Release;
		};
/* End XCConfigurationList section */
	};
	rootObject = FFE5358E1F5799A600F0C8F0 /* Project object */;
}
