// !$*UTF8*$!
{
	archiveVersion = 1;
	classes = {
	};
	objectVersion = 48;
	objects = {

/* Begin PBXBuildFile section */
		FF2BBB1E1F3C45A500CB0364 /* AppDelegate.swift in Sources */ = {isa = PBXBuildFile; fileRef = FF2BBB1D1F3C45A500CB0364 /* AppDelegate.swift */; };
		FF2BBB201F3C45A500CB0364 /* ViewController.swift in Sources */ = {isa = PBXBuildFile; fileRef = FF2BBB1F1F3C45A500CB0364 /* ViewController.swift */; };
		FF2BBB231F3C45A500CB0364 /* Main.storyboard in Resources */ = {isa = PBXBuildFile; fileRef = FF2BBB211F3C45A500CB0364 /* Main.storyboard */; };
		FF2BBB251F3C45A500CB0364 /* Assets.xcassets in Resources */ = {isa = PBXBuildFile; fileRef = FF2BBB241F3C45A500CB0364 /* Assets.xcassets */; };
		FF2BBB281F3C45A500CB0364 /* LaunchScreen.storyboard in Resources */ = {isa = PBXBuildFile; fileRef = FF2BBB261F3C45A500CB0364 /* LaunchScreen.storyboard */; };
/* End PBXBuildFile section */

/* Begin PBXFileReference section */
		FF2BBB1A1F3C45A500CB0364 /* bottom_right.app */ = {isa = PBXFileReference; explicitFileType = wrapper.application; includeInIndex = 0; path = bottom_right.app; sourceTree = BUILT_PRODUCTS_DIR; };
		FF2BBB1D1F3C45A500CB0364 /* AppDelegate.swift */ = {isa = PBXFileReference; lastKnownFileType = sourcecode.swift; path = AppDelegate.swift; sourceTree = "<group>"; };
		FF2BBB1F1F3C45A500CB0364 /* ViewController.swift */ = {isa = PBXFileReference; lastKnownFileType = sourcecode.swift; path = ViewController.swift; sourceTree = "<group>"; };
		FF2BBB221F3C45A500CB0364 /* Base */ = {isa = PBXFileReference; lastKnownFileType = file.storyboard; name = Base; path = Base.lproj/Main.storyboard; sourceTree = "<group>"; };
		FF2BBB241F3C45A500CB0364 /* Assets.xcassets */ = {isa = PBXFileReference; lastKnownFileType = folder.assetcatalog; path = Assets.xcassets; sourceTree = "<group>"; };
		FF2BBB271F3C45A500CB0364 /* Base */ = {isa = PBXFileReference; lastKnownFileType = file.storyboard; name = Base; path = Base.lproj/LaunchScreen.storyboard; sourceTree = "<group>"; };
		FF2BBB291F3C45A500CB0364 /* Info.plist */ = {isa = PBXFileReference; lastKnownFileType = text.plist.xml; path = Info.plist; sourceTree = "<group>"; };
/* End PBXFileReference section */

/* Begin PBXFrameworksBuildPhase section */
		FF2BBB171F3C45A500CB0364 /* Frameworks */ = {
			isa = PBXFrameworksBuildPhase;
			buildActionMask = 2147483647;
			files = (
			);
			runOnlyForDeploymentPostprocessing = 0;
		};
/* End PBXFrameworksBuildPhase section */

/* Begin PBXGroup section */
		FF2BBB111F3C45A500CB0364 = {
			isa = PBXGroup;
			children = (
				FF2BBB1C1F3C45A500CB0364 /* bottom_right */,
				FF2BBB1B1F3C45A500CB0364 /* Products */,
			);
			sourceTree = "<group>";
		};
		FF2BBB1B1F3C45A500CB0364 /* Products */ = {
			isa = PBXGroup;
			children = (
				FF2BBB1A1F3C45A500CB0364 /* bottom_right.app */,
			);
			name = Products;
			sourceTree = "<group>";
		};
		FF2BBB1C1F3C45A500CB0364 /* bottom_right */ = {
			isa = PBXGroup;
			children = (
				FF2BBB1D1F3C45A500CB0364 /* AppDelegate.swift */,
				FF2BBB1F1F3C45A500CB0364 /* ViewController.swift */,
				FF2BBB211F3C45A500CB0364 /* Main.storyboard */,
				FF2BBB241F3C45A500CB0364 /* Assets.xcassets */,
				FF2BBB261F3C45A500CB0364 /* LaunchScreen.storyboard */,
				FF2BBB291F3C45A500CB0364 /* Info.plist */,
			);
			path = bottom_right;
			sourceTree = "<group>";
		};
/* End PBXGroup section */

/* Begin PBXNativeTarget section */
		FF2BBB191F3C45A500CB0364 /* bottom_right */ = {
			isa = PBXNativeTarget;
			buildConfigurationList = FF2BBB2C1F3C45A500CB0364 /* Build configuration list for PBXNativeTarget "bottom_right" */;
			buildPhases = (
				FF2BBB161F3C45A500CB0364 /* Sources */,
				FF2BBB171F3C45A500CB0364 /* Frameworks */,
				FF2BBB181F3C45A500CB0364 /* Resources */,
			);
			buildRules = (
			);
			dependencies = (
			);
			name = bottom_right;
			productName = bottom_right;
			productReference = FF2BBB1A1F3C45A500CB0364 /* bottom_right.app */;
			productType = "com.apple.product-type.application";
		};
/* End PBXNativeTarget section */

/* Begin PBXProject section */
		FF2BBB121F3C45A500CB0364 /* Project object */ = {
			isa = PBXProject;
			attributes = {
				LastSwiftUpdateCheck = 0900;
				LastUpgradeCheck = 0900;
				ORGANIZATIONNAME = "yoshiyuki oshige";
				TargetAttributes = {
					FF2BBB191F3C45A500CB0364 = {
						CreatedOnToolsVersion = 9.0;
					};
				};
			};
			buildConfigurationList = FF2BBB151F3C45A500CB0364 /* Build configuration list for PBXProject "bottom_right" */;
			compatibilityVersion = "Xcode 8.0";
			developmentRegion = en;
			hasScannedForEncodings = 0;
			knownRegions = (
				en,
				Base,
			);
			mainGroup = FF2BBB111F3C45A500CB0364;
			productRefGroup = FF2BBB1B1F3C45A500CB0364 /* Products */;
			projectDirPath = "";
			projectRoot = "";
			targets = (
				FF2BBB191F3C45A500CB0364 /* bottom_right */,
			);
		};
/* End PBXProject section */

/* Begin PBXResourcesBuildPhase section */
		FF2BBB181F3C45A500CB0364 /* Resources */ = {
			isa = PBXResourcesBuildPhase;
			buildActionMask = 2147483647;
			files = (
				FF2BBB281F3C45A500CB0364 /* LaunchScreen.storyboard in Resources */,
				FF2BBB251F3C45A500CB0364 /* Assets.xcassets in Resources */,
				FF2BBB231F3C45A500CB0364 /* Main.storyboard in Resources */,
			);
			runOnlyForDeploymentPostprocessing = 0;
		};
/* End PBXResourcesBuildPhase section */

/* Begin PBXSourcesBuildPhase section */
		FF2BBB161F3C45A500CB0364 /* Sources */ = {
			isa = PBXSourcesBuildPhase;
			buildActionMask = 2147483647;
			files = (
				FF2BBB201F3C45A500CB0364 /* ViewController.swift in Sources */,
				FF2BBB1E1F3C45A500CB0364 /* AppDelegate.swift in Sources */,
			);
			runOnlyForDeploymentPostprocessing = 0;
		};
/* End PBXSourcesBuildPhase section */

/* Begin PBXVariantGroup section */
		FF2BBB211F3C45A500CB0364 /* Main.storyboard */ = {
			isa = PBXVariantGroup;
			children = (
				FF2BBB221F3C45A500CB0364 /* Base */,
			);
			name = Main.storyboard;
			sourceTree = "<group>";
		};
		FF2BBB261F3C45A500CB0364 /* LaunchScreen.storyboard */ = {
			isa = PBXVariantGroup;
			children = (
				FF2BBB271F3C45A500CB0364 /* Base */,
			);
			name = LaunchScreen.storyboard;
			sourceTree = "<group>";
		};
/* End PBXVariantGroup section */

/* Begin XCBuildConfiguration section */
		FF2BBB2A1F3C45A500CB0364 /* Debug */ = {
			isa = XCBuildConfiguration;
			buildSettings = {
				ALWAYS_SEARCH_USER_PATHS = NO;
				CLANG_ANALYZER_NONNULL = YES;
				CLANG_ANALYZER_NUMBER_OBJECT_CONVERSION = YES_AGGRESSIVE;
				CLANG_CXX_LANGUAGE_STANDARD = "gnu++14";
				CLANG_CXX_LIBRARY = "libc++";
				CLANG_ENABLE_MODULES = YES;
				CLANG_ENABLE_OBJC_ARC = YES;
				CLANG_WARN_BLOCK_CAPTURE_AUTORELEASING = YES;
				CLANG_WARN_BOOL_CONVERSION = YES;
				CLANG_WARN_COMMA = YES;
				CLANG_WARN_CONSTANT_CONVERSION = YES;
				CLANG_WARN_DIRECT_OBJC_ISA_USAGE = YES_ERROR;
				CLANG_WARN_DOCUMENTATION_COMMENTS = YES;
				CLANG_WARN_EMPTY_BODY = YES;
				CLANG_WARN_ENUM_CONVERSION = YES;
				CLANG_WARN_INFINITE_RECURSION = YES;
				CLANG_WARN_INT_CONVERSION = YES;
				CLANG_WARN_NON_LITERAL_NULL_CONVERSION = YES;
				CLANG_WARN_OBJC_LITERAL_CONVERSION = YES;
				CLANG_WARN_OBJC_ROOT_CLASS = YES_ERROR;
				CLANG_WARN_RANGE_LOOP_ANALYSIS = YES;
				CLANG_WARN_STRICT_PROTOTYPES = YES;
				CLANG_WARN_SUSPICIOUS_MOVE = YES;
				CLANG_WARN_UNGUARDED_AVAILABILITY = YES_AGGRESSIVE;
				CLANG_WARN_UNREACHABLE_CODE = YES;
				CLANG_WARN__DUPLICATE_METHOD_MATCH = YES;
				CODE_SIGN_IDENTITY = "iPhone Developer";
				COPY_PHASE_STRIP = NO;
				DEBUG_INFORMATION_FORMAT = dwarf;
				ENABLE_STRICT_OBJC_MSGSEND = YES;
				ENABLE_TESTABILITY = YES;
				GCC_C_LANGUAGE_STANDARD = gnu11;
				GCC_DYNAMIC_NO_PIC = NO;
				GCC_NO_COMMON_BLOCKS = YES;
				GCC_OPTIMIZATION_LEVEL = 0;
				GCC_PREPROCESSOR_DEFINITIONS = (
					"DEBUG=1",
					"$(inherited)",
				);
				GCC_WARN_64_TO_32_BIT_CONVERSION = YES;
				GCC_WARN_ABOUT_RETURN_TYPE = YES_ERROR;
				GCC_WARN_UNDECLARED_SELECTOR = YES;
				GCC_WARN_UNINITIALIZED_AUTOS = YES_AGGRESSIVE;
				GCC_WARN_UNUSED_FUNCTION = YES;
				GCC_WARN_UNUSED_VARIABLE = YES;
				IPHONEOS_DEPLOYMENT_TARGET = 11.0;
				MTL_ENABLE_DEBUG_INFO = YES;
				ONLY_ACTIVE_ARCH = YES;
				SDKROOT = iphoneos;
				SWIFT_ACTIVE_COMPILATION_CONDITIONS = DEBUG;
				SWIFT_OPTIMIZATION_LEVEL = "-Onone";
			};
			name = Debug;
		};
		FF2BBB2B1F3C45A500CB0364 /* Release */ = {
			isa = XCBuildConfiguration;
			buildSettings = {
				ALWAYS_SEARCH_USER_PATHS = NO;
				CLANG_ANALYZER_NONNULL = YES;
				CLANG_ANALYZER_NUMBER_OBJECT_CONVERSION = YES_AGGRESSIVE;
				CLANG_CXX_LANGUAGE_STANDARD = "gnu++14";
				CLANG_CXX_LIBRARY = "libc++";
				CLANG_ENABLE_MODULES = YES;
				CLANG_ENABLE_OBJC_ARC = YES;
				CLANG_WARN_BLOCK_CAPTURE_AUTORELEASING = YES;
				CLANG_WARN_BOOL_CONVERSION = YES;
				CLANG_WARN_COMMA = YES;
				CLANG_WARN_CONSTANT_CONVERSION = YES;
				CLANG_WARN_DIRECT_OBJC_ISA_USAGE = YES_ERROR;
				CLANG_WARN_DOCUMENTATION_COMMENTS = YES;
				CLANG_WARN_EMPTY_BODY = YES;
				CLANG_WARN_ENUM_CONVERSION = YES;
				CLANG_WARN_INFINITE_RECURSION = YES;
				CLANG_WARN_INT_CONVERSION = YES;
				CLANG_WARN_NON_LITERAL_NULL_CONVERSION = YES;
				CLANG_WARN_OBJC_LITERAL_CONVERSION = YES;
				CLANG_WARN_OBJC_ROOT_CLASS = YES_ERROR;
				CLANG_WARN_RANGE_LOOP_ANALYSIS = YES;
				CLANG_WARN_STRICT_PROTOTYPES = YES;
				CLANG_WARN_SUSPICIOUS_MOVE = YES;
				CLANG_WARN_UNGUARDED_AVAILABILITY = YES_AGGRESSIVE;
				CLANG_WARN_UNREACHABLE_CODE = YES;
				CLANG_WARN__DUPLICATE_METHOD_MATCH = YES;
				CODE_SIGN_IDENTITY = "iPhone Developer";
				COPY_PHASE_STRIP = NO;
				DEBUG_INFORMATION_FORMAT = "dwarf-with-dsym";
				ENABLE_NS_ASSERTIONS = NO;
				ENABLE_STRICT_OBJC_MSGSEND = YES;
				GCC_C_LANGUAGE_STANDARD = gnu11;
				GCC_NO_COMMON_BLOCKS = YES;
				GCC_WARN_64_TO_32_BIT_CONVERSION = YES;
				GCC_WARN_ABOUT_RETURN_TYPE = YES_ERROR;
				GCC_WARN_UNDECLARED_SELECTOR = YES;
				GCC_WARN_UNINITIALIZED_AUTOS = YES_AGGRESSIVE;
				GCC_WARN_UNUSED_FUNCTION = YES;
				GCC_WARN_UNUSED_VARIABLE = YES;
				IPHONEOS_DEPLOYMENT_TARGET = 11.0;
				MTL_ENABLE_DEBUG_INFO = NO;
				SDKROOT = iphoneos;
				SWIFT_OPTIMIZATION_LEVEL = "-Owholemodule";
				VALIDATE_PRODUCT = YES;
			};
			name = Release;
		};
		FF2BBB2D1F3C45A500CB0364 /* Debug */ = {
			isa = XCBuildConfiguration;
			buildSettings = {
				ASSETCATALOG_COMPILER_APPICON_NAME = AppIcon;
				DEVELOPMENT_TEAM = "";
				INFOPLIST_FILE = bottom_right/Info.plist;
				LD_RUNPATH_SEARCH_PATHS = "$(inherited) @executable_path/Frameworks";
				PRODUCT_BUNDLE_IDENTIFIER = "com.oshige.bottom-right";
				PRODUCT_NAME = "$(TARGET_NAME)";
				SWIFT_VERSION = 4.0;
				TARGETED_DEVICE_FAMILY = "1,2";
			};
			name = Debug;
		};
		FF2BBB2E1F3C45A500CB0364 /* Release */ = {
			isa = XCBuildConfiguration;
			buildSettings = {
				ASSETCATALOG_COMPILER_APPICON_NAME = AppIcon;
				DEVELOPMENT_TEAM = "";
				INFOPLIST_FILE = bottom_right/Info.plist;
				LD_RUNPATH_SEARCH_PATHS = "$(inherited) @executable_path/Frameworks";
				PRODUCT_BUNDLE_IDENTIFIER = "com.oshige.bottom-right";
				PRODUCT_NAME = "$(TARGET_NAME)";
				SWIFT_VERSION = 4.0;
				TARGETED_DEVICE_FAMILY = "1,2";
			};
			name = Release;
		};
/* End XCBuildConfiguration section */

/* Begin XCConfigurationList section */
		FF2BBB151F3C45A500CB0364 /* Build configuration list for PBXProject "bottom_right" */ = {
			isa = XCConfigurationList;
			buildConfigurations = (
				FF2BBB2A1F3C45A500CB0364 /* Debug */,
				FF2BBB2B1F3C45A500CB0364 /* Release */,
			);
			defaultConfigurationIsVisible = 0;
			defaultConfigurationName = Release;
		};
		FF2BBB2C1F3C45A500CB0364 /* Build configuration list for PBXNativeTarget "bottom_right" */ = {
			isa = XCConfigurationList;
			buildConfigurations = (
				FF2BBB2D1F3C45A500CB0364 /* Debug */,
				FF2BBB2E1F3C45A500CB0364 /* Release */,
			);
			defaultConfigurationIsVisible = 0;
			defaultConfigurationName = Release;
		};
/* End XCConfigurationList section */
	};
	rootObject = FF2BBB121F3C45A500CB0364 /* Project object */;
}
