// !$*UTF8*$!
{
	archiveVersion = 1;
	classes = {
	};
	objectVersion = 48;
	objects = {

/* Begin PBXBuildFile section */
		FF47BD551F488EE800E4C5FB /* AppDelegate.swift in Sources */ = {isa = PBXBuildFile; fileRef = FF47BD541F488EE800E4C5FB /* AppDelegate.swift */; };
		FF47BD571F488EE800E4C5FB /* ViewController.swift in Sources */ = {isa = PBXBuildFile; fileRef = FF47BD561F488EE800E4C5FB /* ViewController.swift */; };
		FF47BD5A1F488EE800E4C5FB /* Main.storyboard in Resources */ = {isa = PBXBuildFile; fileRef = FF47BD581F488EE800E4C5FB /* Main.storyboard */; };
		FF47BD5C1F488EE800E4C5FB /* Assets.xcassets in Resources */ = {isa = PBXBuildFile; fileRef = FF47BD5B1F488EE800E4C5FB /* Assets.xcassets */; };
		FF47BD5F1F488EE800E4C5FB /* LaunchScreen.storyboard in Resources */ = {isa = PBXBuildFile; fileRef = FF47BD5D1F488EE800E4C5FB /* LaunchScreen.storyboard */; };
		FF47BD851F48A21300E4C5FB /* WebListTableViewController.swift in Sources */ = {isa = PBXBuildFile; fileRef = FF47BD841F48A21300E4C5FB /* WebListTableViewController.swift */; };
/* End PBXBuildFile section */

/* Begin PBXFileReference section */
		FF47BD511F488EE800E4C5FB /* nc_weblist.app */ = {isa = PBXFileReference; explicitFileType = wrapper.application; includeInIndex = 0; path = nc_weblist.app; sourceTree = BUILT_PRODUCTS_DIR; };
		FF47BD541F488EE800E4C5FB /* AppDelegate.swift */ = {isa = PBXFileReference; lastKnownFileType = sourcecode.swift; path = AppDelegate.swift; sourceTree = "<group>"; };
		FF47BD561F488EE800E4C5FB /* ViewController.swift */ = {isa = PBXFileReference; lastKnownFileType = sourcecode.swift; path = ViewController.swift; sourceTree = "<group>"; };
		FF47BD591F488EE800E4C5FB /* Base */ = {isa = PBXFileReference; lastKnownFileType = file.storyboard; name = Base; path = Base.lproj/Main.storyboard; sourceTree = "<group>"; };
		FF47BD5B1F488EE800E4C5FB /* Assets.xcassets */ = {isa = PBXFileReference; lastKnownFileType = folder.assetcatalog; path = Assets.xcassets; sourceTree = "<group>"; };
		FF47BD5E1F488EE800E4C5FB /* Base */ = {isa = PBXFileReference; lastKnownFileType = file.storyboard; name = Base; path = Base.lproj/LaunchScreen.storyboard; sourceTree = "<group>"; };
		FF47BD601F488EE800E4C5FB /* Info.plist */ = {isa = PBXFileReference; lastKnownFileType = text.plist.xml; path = Info.plist; sourceTree = "<group>"; };
		FF47BD841F48A21300E4C5FB /* WebListTableViewController.swift */ = {isa = PBXFileReference; lastKnownFileType = sourcecode.swift; path = WebListTableViewController.swift; sourceTree = "<group>"; };
/* End PBXFileReference section */

/* Begin PBXFrameworksBuildPhase section */
		FF47BD4E1F488EE800E4C5FB /* Frameworks */ = {
			isa = PBXFrameworksBuildPhase;
			buildActionMask = 2147483647;
			files = (
			);
			runOnlyForDeploymentPostprocessing = 0;
		};
/* End PBXFrameworksBuildPhase section */

/* Begin PBXGroup section */
		FF47BD481F488EE800E4C5FB = {
			isa = PBXGroup;
			children = (
				FF47BD531F488EE800E4C5FB /* nc_weblist */,
				FF47BD521F488EE800E4C5FB /* Products */,
			);
			sourceTree = "<group>";
		};
		FF47BD521F488EE800E4C5FB /* Products */ = {
			isa = PBXGroup;
			children = (
				FF47BD511F488EE800E4C5FB /* nc_weblist.app */,
			);
			name = Products;
			sourceTree = "<group>";
		};
		FF47BD531F488EE800E4C5FB /* nc_weblist */ = {
			isa = PBXGroup;
			children = (
				FF47BD541F488EE800E4C5FB /* AppDelegate.swift */,
				FF47BD561F488EE800E4C5FB /* ViewController.swift */,
				FF47BD841F48A21300E4C5FB /* WebListTableViewController.swift */,
				FF47BD581F488EE800E4C5FB /* Main.storyboard */,
				FF47BD5B1F488EE800E4C5FB /* Assets.xcassets */,
				FF47BD5D1F488EE800E4C5FB /* LaunchScreen.storyboard */,
				FF47BD601F488EE800E4C5FB /* Info.plist */,
			);
			path = nc_weblist;
			sourceTree = "<group>";
		};
/* End PBXGroup section */

/* Begin PBXNativeTarget section */
		FF47BD501F488EE800E4C5FB /* nc_weblist */ = {
			isa = PBXNativeTarget;
			buildConfigurationList = FF47BD631F488EE800E4C5FB /* Build configuration list for PBXNativeTarget "nc_weblist" */;
			buildPhases = (
				FF47BD4D1F488EE800E4C5FB /* Sources */,
				FF47BD4E1F488EE800E4C5FB /* Frameworks */,
				FF47BD4F1F488EE800E4C5FB /* Resources */,
			);
			buildRules = (
			);
			dependencies = (
			);
			name = nc_weblist;
			productName = nc_weblist;
			productReference = FF47BD511F488EE800E4C5FB /* nc_weblist.app */;
			productType = "com.apple.product-type.application";
		};
/* End PBXNativeTarget section */

/* Begin PBXProject section */
		FF47BD491F488EE800E4C5FB /* Project object */ = {
			isa = PBXProject;
			attributes = {
				LastSwiftUpdateCheck = 0900;
				LastUpgradeCheck = 0900;
				ORGANIZATIONNAME = "yoshiyuki oshige";
				TargetAttributes = {
					FF47BD501F488EE800E4C5FB = {
						CreatedOnToolsVersion = 9.0;
					};
				};
			};
			buildConfigurationList = FF47BD4C1F488EE800E4C5FB /* Build configuration list for PBXProject "nc_weblist" */;
			compatibilityVersion = "Xcode 8.0";
			developmentRegion = en;
			hasScannedForEncodings = 0;
			knownRegions = (
				en,
				Base,
			);
			mainGroup = FF47BD481F488EE800E4C5FB;
			productRefGroup = FF47BD521F488EE800E4C5FB /* Products */;
			projectDirPath = "";
			projectRoot = "";
			targets = (
				FF47BD501F488EE800E4C5FB /* nc_weblist */,
			);
		};
/* End PBXProject section */

/* Begin PBXResourcesBuildPhase section */
		FF47BD4F1F488EE800E4C5FB /* Resources */ = {
			isa = PBXResourcesBuildPhase;
			buildActionMask = 2147483647;
			files = (
				FF47BD5F1F488EE800E4C5FB /* LaunchScreen.storyboard in Resources */,
				FF47BD5C1F488EE800E4C5FB /* Assets.xcassets in Resources */,
				FF47BD5A1F488EE800E4C5FB /* Main.storyboard in Resources */,
			);
			runOnlyForDeploymentPostprocessing = 0;
		};
/* End PBXResourcesBuildPhase section */

/* Begin PBXSourcesBuildPhase section */
		FF47BD4D1F488EE800E4C5FB /* Sources */ = {
			isa = PBXSourcesBuildPhase;
			buildActionMask = 2147483647;
			files = (
				FF47BD571F488EE800E4C5FB /* ViewController.swift in Sources */,
				FF47BD551F488EE800E4C5FB /* AppDelegate.swift in Sources */,
				FF47BD851F48A21300E4C5FB /* WebListTableViewController.swift in Sources */,
			);
			runOnlyForDeploymentPostprocessing = 0;
		};
/* End PBXSourcesBuildPhase section */

/* Begin PBXVariantGroup section */
		FF47BD581F488EE800E4C5FB /* Main.storyboard */ = {
			isa = PBXVariantGroup;
			children = (
				FF47BD591F488EE800E4C5FB /* Base */,
			);
			name = Main.storyboard;
			sourceTree = "<group>";
		};
		FF47BD5D1F488EE800E4C5FB /* LaunchScreen.storyboard */ = {
			isa = PBXVariantGroup;
			children = (
				FF47BD5E1F488EE800E4C5FB /* Base */,
			);
			name = LaunchScreen.storyboard;
			sourceTree = "<group>";
		};
/* End PBXVariantGroup section */

/* Begin XCBuildConfiguration section */
		FF47BD611F488EE800E4C5FB /* Debug */ = {
			isa = XCBuildConfiguration;
			buildSettings = {
				ALWAYS_SEARCH_USER_PATHS = NO;
				CLANG_ANALYZER_NONNULL = YES;
				CLANG_ANALYZER_NUMBER_OBJECT_CONVERSION = YES_AGGRESSIVE;
				CLANG_CXX_LANGUAGE_STANDARD = "gnu++14";
				CLANG_CXX_LIBRARY = "libc++";
				CLANG_ENABLE_MODULES = YES;
				CLANG_ENABLE_OBJC_ARC = YES;
				CLANG_WARN_BLOCK_CAPTURE_AUTORELEASING = YES;
				CLANG_WARN_BOOL_CONVERSION = YES;
				CLANG_WARN_COMMA = YES;
				CLANG_WARN_CONSTANT_CONVERSION = YES;
				CLANG_WARN_DIRECT_OBJC_ISA_USAGE = YES_ERROR;
				CLANG_WARN_DOCUMENTATION_COMMENTS = YES;
				CLANG_WARN_EMPTY_BODY = YES;
				CLANG_WARN_ENUM_CONVERSION = YES;
				CLANG_WARN_INFINITE_RECURSION = YES;
				CLANG_WARN_INT_CONVERSION = YES;
				CLANG_WARN_NON_LITERAL_NULL_CONVERSION = YES;
				CLANG_WARN_OBJC_LITERAL_CONVERSION = YES;
				CLANG_WARN_OBJC_ROOT_CLASS = YES_ERROR;
				CLANG_WARN_RANGE_LOOP_ANALYSIS = YES;
				CLANG_WARN_STRICT_PROTOTYPES = YES;
				CLANG_WARN_SUSPICIOUS_MOVE = YES;
				CLANG_WARN_UNGUARDED_AVAILABILITY = YES_AGGRESSIVE;
				CLANG_WARN_UNREACHABLE_CODE = YES;
				CLANG_WARN__DUPLICATE_METHOD_MATCH = YES;
				CODE_SIGN_IDENTITY = "iPhone Developer";
				COPY_PHASE_STRIP = NO;
				DEBUG_INFORMATION_FORMAT = dwarf;
				ENABLE_STRICT_OBJC_MSGSEND = YES;
				ENABLE_TESTABILITY = YES;
				GCC_C_LANGUAGE_STANDARD = gnu11;
				GCC_DYNAMIC_NO_PIC = NO;
				GCC_NO_COMMON_BLOCKS = YES;
				GCC_OPTIMIZATION_LEVEL = 0;
				GCC_PREPROCESSOR_DEFINITIONS = (
					"DEBUG=1",
					"$(inherited)",
				);
				GCC_WARN_64_TO_32_BIT_CONVERSION = YES;
				GCC_WARN_ABOUT_RETURN_TYPE = YES_ERROR;
				GCC_WARN_UNDECLARED_SELECTOR = YES;
				GCC_WARN_UNINITIALIZED_AUTOS = YES_AGGRESSIVE;
				GCC_WARN_UNUSED_FUNCTION = YES;
				GCC_WARN_UNUSED_VARIABLE = YES;
				IPHONEOS_DEPLOYMENT_TARGET = 11.0;
				MTL_ENABLE_DEBUG_INFO = YES;
				ONLY_ACTIVE_ARCH = YES;
				SDKROOT = iphoneos;
				SWIFT_ACTIVE_COMPILATION_CONDITIONS = DEBUG;
				SWIFT_OPTIMIZATION_LEVEL = "-Onone";
			};
			name = Debug;
		};
		FF47BD621F488EE800E4C5FB /* Release */ = {
			isa = XCBuildConfiguration;
			buildSettings = {
				ALWAYS_SEARCH_USER_PATHS = NO;
				CLANG_ANALYZER_NONNULL = YES;
				CLANG_ANALYZER_NUMBER_OBJECT_CONVERSION = YES_AGGRESSIVE;
				CLANG_CXX_LANGUAGE_STANDARD = "gnu++14";
				CLANG_CXX_LIBRARY = "libc++";
				CLANG_ENABLE_MODULES = YES;
				CLANG_ENABLE_OBJC_ARC = YES;
				CLANG_WARN_BLOCK_CAPTURE_AUTORELEASING = YES;
				CLANG_WARN_BOOL_CONVERSION = YES;
				CLANG_WARN_COMMA = YES;
				CLANG_WARN_CONSTANT_CONVERSION = YES;
				CLANG_WARN_DIRECT_OBJC_ISA_USAGE = YES_ERROR;
				CLANG_WARN_DOCUMENTATION_COMMENTS = YES;
				CLANG_WARN_EMPTY_BODY = YES;
				CLANG_WARN_ENUM_CONVERSION = YES;
				CLANG_WARN_INFINITE_RECURSION = YES;
				CLANG_WARN_INT_CONVERSION = YES;
				CLANG_WARN_NON_LITERAL_NULL_CONVERSION = YES;
				CLANG_WARN_OBJC_LITERAL_CONVERSION = YES;
				CLANG_WARN_OBJC_ROOT_CLASS = YES_ERROR;
				CLANG_WARN_RANGE_LOOP_ANALYSIS = YES;
				CLANG_WARN_STRICT_PROTOTYPES = YES;
				CLANG_WARN_SUSPICIOUS_MOVE = YES;
				CLANG_WARN_UNGUARDED_AVAILABILITY = YES_AGGRESSIVE;
				CLANG_WARN_UNREACHABLE_CODE = YES;
				CLANG_WARN__DUPLICATE_METHOD_MATCH = YES;
				CODE_SIGN_IDENTITY = "iPhone Developer";
				COPY_PHASE_STRIP = NO;
				DEBUG_INFORMATION_FORMAT = "dwarf-with-dsym";
				ENABLE_NS_ASSERTIONS = NO;
				ENABLE_STRICT_OBJC_MSGSEND = YES;
				GCC_C_LANGUAGE_STANDARD = gnu11;
				GCC_NO_COMMON_BLOCKS = YES;
				GCC_WARN_64_TO_32_BIT_CONVERSION = YES;
				GCC_WARN_ABOUT_RETURN_TYPE = YES_ERROR;
				GCC_WARN_UNDECLARED_SELECTOR = YES;
				GCC_WARN_UNINITIALIZED_AUTOS = YES_AGGRESSIVE;
				GCC_WARN_UNUSED_FUNCTION = YES;
				GCC_WARN_UNUSED_VARIABLE = YES;
				IPHONEOS_DEPLOYMENT_TARGET = 11.0;
				MTL_ENABLE_DEBUG_INFO = NO;
				SDKROOT = iphoneos;
				SWIFT_OPTIMIZATION_LEVEL = "-Owholemodule";
				VALIDATE_PRODUCT = YES;
			};
			name = Release;
		};
		FF47BD641F488EE800E4C5FB /* Debug */ = {
			isa = XCBuildConfiguration;
			buildSettings = {
				ASSETCATALOG_COMPILER_APPICON_NAME = AppIcon;
				DEVELOPMENT_TEAM = "";
				INFOPLIST_FILE = nc_weblist/Info.plist;
				LD_RUNPATH_SEARCH_PATHS = "$(inherited) @executable_path/Frameworks";
				PRODUCT_BUNDLE_IDENTIFIER = "com.oshige.nc-weblist";
				PRODUCT_NAME = "$(TARGET_NAME)";
				SWIFT_VERSION = 4.0;
				TARGETED_DEVICE_FAMILY = "1,2";
			};
			name = Debug;
		};
		FF47BD651F488EE800E4C5FB /* Release */ = {
			isa = XCBuildConfiguration;
			buildSettings = {
				ASSETCATALOG_COMPILER_APPICON_NAME = AppIcon;
				DEVELOPMENT_TEAM = "";
				INFOPLIST_FILE = nc_weblist/Info.plist;
				LD_RUNPATH_SEARCH_PATHS = "$(inherited) @executable_path/Frameworks";
				PRODUCT_BUNDLE_IDENTIFIER = "com.oshige.nc-weblist";
				PRODUCT_NAME = "$(TARGET_NAME)";
				SWIFT_VERSION = 4.0;
				TARGETED_DEVICE_FAMILY = "1,2";
			};
			name = Release;
		};
/* End XCBuildConfiguration section */

/* Begin XCConfigurationList section */
		FF47BD4C1F488EE800E4C5FB /* Build configuration list for PBXProject "nc_weblist" */ = {
			isa = XCConfigurationList;
			buildConfigurations = (
				FF47BD611F488EE800E4C5FB /* Debug */,
				FF47BD621F488EE800E4C5FB /* Release */,
			);
			defaultConfigurationIsVisible = 0;
			defaultConfigurationName = Release;
		};
		FF47BD631F488EE800E4C5FB /* Build configuration list for PBXNativeTarget "nc_weblist" */ = {
			isa = XCConfigurationList;
			buildConfigurations = (
				FF47BD641F488EE800E4C5FB /* Debug */,
				FF47BD651F488EE800E4C5FB /* Release */,
			);
			defaultConfigurationIsVisible = 0;
			defaultConfigurationName = Release;
		};
/* End XCConfigurationList section */
	};
	rootObject = FF47BD491F488EE800E4C5FB /* Project object */;
}
