// !$*UTF8*$!
{
	archiveVersion = 1;
	classes = {
	};
	objectVersion = 48;
	objects = {

/* Begin PBXBuildFile section */
		FF4404D61F397B87002A74FE /* AppDelegate.swift in Sources */ = {isa = PBXBuildFile; fileRef = FF4404D51F397B87002A74FE /* AppDelegate.swift */; };
		FF4404D81F397B87002A74FE /* ViewController.swift in Sources */ = {isa = PBXBuildFile; fileRef = FF4404D71F397B87002A74FE /* ViewController.swift */; };
		FF4404DB1F397B87002A74FE /* Main.storyboard in Resources */ = {isa = PBXBuildFile; fileRef = FF4404D91F397B87002A74FE /* Main.storyboard */; };
		FF4404DD1F397B87002A74FE /* Assets.xcassets in Resources */ = {isa = PBXBuildFile; fileRef = FF4404DC1F397B87002A74FE /* Assets.xcassets */; };
		FF4404E01F397B87002A74FE /* LaunchScreen.storyboard in Resources */ = {isa = PBXBuildFile; fileRef = FF4404DE1F397B87002A74FE /* LaunchScreen.storyboard */; };
/* End PBXBuildFile section */

/* Begin PBXFileReference section */
		FF4404D21F397B87002A74FE /* uiButton_image_sakura.app */ = {isa = PBXFileReference; explicitFileType = wrapper.application; includeInIndex = 0; path = uiButton_image_sakura.app; sourceTree = BUILT_PRODUCTS_DIR; };
		FF4404D51F397B87002A74FE /* AppDelegate.swift */ = {isa = PBXFileReference; lastKnownFileType = sourcecode.swift; path = AppDelegate.swift; sourceTree = "<group>"; };
		FF4404D71F397B87002A74FE /* ViewController.swift */ = {isa = PBXFileReference; lastKnownFileType = sourcecode.swift; path = ViewController.swift; sourceTree = "<group>"; };
		FF4404DA1F397B87002A74FE /* Base */ = {isa = PBXFileReference; lastKnownFileType = file.storyboard; name = Base; path = Base.lproj/Main.storyboard; sourceTree = "<group>"; };
		FF4404DC1F397B87002A74FE /* Assets.xcassets */ = {isa = PBXFileReference; lastKnownFileType = folder.assetcatalog; path = Assets.xcassets; sourceTree = "<group>"; };
		FF4404DF1F397B87002A74FE /* Base */ = {isa = PBXFileReference; lastKnownFileType = file.storyboard; name = Base; path = Base.lproj/LaunchScreen.storyboard; sourceTree = "<group>"; };
		FF4404E11F397B87002A74FE /* Info.plist */ = {isa = PBXFileReference; lastKnownFileType = text.plist.xml; path = Info.plist; sourceTree = "<group>"; };
/* End PBXFileReference section */

/* Begin PBXFrameworksBuildPhase section */
		FF4404CF1F397B87002A74FE /* Frameworks */ = {
			isa = PBXFrameworksBuildPhase;
			buildActionMask = 2147483647;
			files = (
			);
			runOnlyForDeploymentPostprocessing = 0;
		};
/* End PBXFrameworksBuildPhase section */

/* Begin PBXGroup section */
		FF4404C91F397B87002A74FE = {
			isa = PBXGroup;
			children = (
				FF4404D41F397B87002A74FE /* uiButton_image_sakura */,
				FF4404D31F397B87002A74FE /* Products */,
			);
			sourceTree = "<group>";
		};
		FF4404D31F397B87002A74FE /* Products */ = {
			isa = PBXGroup;
			children = (
				FF4404D21F397B87002A74FE /* uiButton_image_sakura.app */,
			);
			name = Products;
			sourceTree = "<group>";
		};
		FF4404D41F397B87002A74FE /* uiButton_image_sakura */ = {
			isa = PBXGroup;
			children = (
				FF4404D51F397B87002A74FE /* AppDelegate.swift */,
				FF4404D71F397B87002A74FE /* ViewController.swift */,
				FF4404D91F397B87002A74FE /* Main.storyboard */,
				FF4404DC1F397B87002A74FE /* Assets.xcassets */,
				FF4404DE1F397B87002A74FE /* LaunchScreen.storyboard */,
				FF4404E11F397B87002A74FE /* Info.plist */,
			);
			path = uiButton_image_sakura;
			sourceTree = "<group>";
		};
/* End PBXGroup section */

/* Begin PBXNativeTarget section */
		FF4404D11F397B87002A74FE /* uiButton_image_sakura */ = {
			isa = PBXNativeTarget;
			buildConfigurationList = FF4404E41F397B87002A74FE /* Build configuration list for PBXNativeTarget "uiButton_image_sakura" */;
			buildPhases = (
				FF4404CE1F397B87002A74FE /* Sources */,
				FF4404CF1F397B87002A74FE /* Frameworks */,
				FF4404D01F397B87002A74FE /* Resources */,
			);
			buildRules = (
			);
			dependencies = (
			);
			name = uiButton_image_sakura;
			productName = uiButton_image_sakura;
			productReference = FF4404D21F397B87002A74FE /* uiButton_image_sakura.app */;
			productType = "com.apple.product-type.application";
		};
/* End PBXNativeTarget section */

/* Begin PBXProject section */
		FF4404CA1F397B87002A74FE /* Project object */ = {
			isa = PBXProject;
			attributes = {
				LastSwiftUpdateCheck = 0900;
				LastUpgradeCheck = 0900;
				ORGANIZATIONNAME = "yoshiyuki oshige";
				TargetAttributes = {
					FF4404D11F397B87002A74FE = {
						CreatedOnToolsVersion = 9.0;
					};
				};
			};
			buildConfigurationList = FF4404CD1F397B87002A74FE /* Build configuration list for PBXProject "uiButton_image_sakura" */;
			compatibilityVersion = "Xcode 8.0";
			developmentRegion = en;
			hasScannedForEncodings = 0;
			knownRegions = (
				en,
				Base,
			);
			mainGroup = FF4404C91F397B87002A74FE;
			productRefGroup = FF4404D31F397B87002A74FE /* Products */;
			projectDirPath = "";
			projectRoot = "";
			targets = (
				FF4404D11F397B87002A74FE /* uiButton_image_sakura */,
			);
		};
/* End PBXProject section */

/* Begin PBXResourcesBuildPhase section */
		FF4404D01F397B87002A74FE /* Resources */ = {
			isa = PBXResourcesBuildPhase;
			buildActionMask = 2147483647;
			files = (
				FF4404E01F397B87002A74FE /* LaunchScreen.storyboard in Resources */,
				FF4404DD1F397B87002A74FE /* Assets.xcassets in Resources */,
				FF4404DB1F397B87002A74FE /* Main.storyboard in Resources */,
			);
			runOnlyForDeploymentPostprocessing = 0;
		};
/* End PBXResourcesBuildPhase section */

/* Begin PBXSourcesBuildPhase section */
		FF4404CE1F397B87002A74FE /* Sources */ = {
			isa = PBXSourcesBuildPhase;
			buildActionMask = 2147483647;
			files = (
				FF4404D81F397B87002A74FE /* ViewController.swift in Sources */,
				FF4404D61F397B87002A74FE /* AppDelegate.swift in Sources */,
			);
			runOnlyForDeploymentPostprocessing = 0;
		};
/* End PBXSourcesBuildPhase section */

/* Begin PBXVariantGroup section */
		FF4404D91F397B87002A74FE /* Main.storyboard */ = {
			isa = PBXVariantGroup;
			children = (
				FF4404DA1F397B87002A74FE /* Base */,
			);
			name = Main.storyboard;
			sourceTree = "<group>";
		};
		FF4404DE1F397B87002A74FE /* LaunchScreen.storyboard */ = {
			isa = PBXVariantGroup;
			children = (
				FF4404DF1F397B87002A74FE /* Base */,
			);
			name = LaunchScreen.storyboard;
			sourceTree = "<group>";
		};
/* End PBXVariantGroup section */

/* Begin XCBuildConfiguration section */
		FF4404E21F397B87002A74FE /* Debug */ = {
			isa = XCBuildConfiguration;
			buildSettings = {
				ALWAYS_SEARCH_USER_PATHS = NO;
				CLANG_ANALYZER_NONNULL = YES;
				CLANG_ANALYZER_NUMBER_OBJECT_CONVERSION = YES_AGGRESSIVE;
				CLANG_CXX_LANGUAGE_STANDARD = "gnu++14";
				CLANG_CXX_LIBRARY = "libc++";
				CLANG_ENABLE_MODULES = YES;
				CLANG_ENABLE_OBJC_ARC = YES;
				CLANG_WARN_BLOCK_CAPTURE_AUTORELEASING = YES;
				CLANG_WARN_BOOL_CONVERSION = YES;
				CLANG_WARN_COMMA = YES;
				CLANG_WARN_CONSTANT_CONVERSION = YES;
				CLANG_WARN_DIRECT_OBJC_ISA_USAGE = YES_ERROR;
				CLANG_WARN_DOCUMENTATION_COMMENTS = YES;
				CLANG_WARN_EMPTY_BODY = YES;
				CLANG_WARN_ENUM_CONVERSION = YES;
				CLANG_WARN_INFINITE_RECURSION = YES;
				CLANG_WARN_INT_CONVERSION = YES;
				CLANG_WARN_NON_LITERAL_NULL_CONVERSION = YES;
				CLANG_WARN_OBJC_LITERAL_CONVERSION = YES;
				CLANG_WARN_OBJC_ROOT_CLASS = YES_ERROR;
				CLANG_WARN_RANGE_LOOP_ANALYSIS = YES;
				CLANG_WARN_STRICT_PROTOTYPES = YES;
				CLANG_WARN_SUSPICIOUS_MOVE = YES;
				CLANG_WARN_UNGUARDED_AVAILABILITY = YES_AGGRESSIVE;
				CLANG_WARN_UNREACHABLE_CODE = YES;
				CLANG_WARN__DUPLICATE_METHOD_MATCH = YES;
				CODE_SIGN_IDENTITY = "iPhone Developer";
				COPY_PHASE_STRIP = NO;
				DEBUG_INFORMATION_FORMAT = dwarf;
				ENABLE_STRICT_OBJC_MSGSEND = YES;
				ENABLE_TESTABILITY = YES;
				GCC_C_LANGUAGE_STANDARD = gnu11;
				GCC_DYNAMIC_NO_PIC = NO;
				GCC_NO_COMMON_BLOCKS = YES;
				GCC_OPTIMIZATION_LEVEL = 0;
				GCC_PREPROCESSOR_DEFINITIONS = (
					"DEBUG=1",
					"$(inherited)",
				);
				GCC_WARN_64_TO_32_BIT_CONVERSION = YES;
				GCC_WARN_ABOUT_RETURN_TYPE = YES_ERROR;
				GCC_WARN_UNDECLARED_SELECTOR = YES;
				GCC_WARN_UNINITIALIZED_AUTOS = YES_AGGRESSIVE;
				GCC_WARN_UNUSED_FUNCTION = YES;
				GCC_WARN_UNUSED_VARIABLE = YES;
				IPHONEOS_DEPLOYMENT_TARGET = 11.0;
				MTL_ENABLE_DEBUG_INFO = YES;
				ONLY_ACTIVE_ARCH = YES;
				SDKROOT = iphoneos;
				SWIFT_ACTIVE_COMPILATION_CONDITIONS = DEBUG;
				SWIFT_OPTIMIZATION_LEVEL = "-Onone";
			};
			name = Debug;
		};
		FF4404E31F397B87002A74FE /* Release */ = {
			isa = XCBuildConfiguration;
			buildSettings = {
				ALWAYS_SEARCH_USER_PATHS = NO;
				CLANG_ANALYZER_NONNULL = YES;
				CLANG_ANALYZER_NUMBER_OBJECT_CONVERSION = YES_AGGRESSIVE;
				CLANG_CXX_LANGUAGE_STANDARD = "gnu++14";
				CLANG_CXX_LIBRARY = "libc++";
				CLANG_ENABLE_MODULES = YES;
				CLANG_ENABLE_OBJC_ARC = YES;
				CLANG_WARN_BLOCK_CAPTURE_AUTORELEASING = YES;
				CLANG_WARN_BOOL_CONVERSION = YES;
				CLANG_WARN_COMMA = YES;
				CLANG_WARN_CONSTANT_CONVERSION = YES;
				CLANG_WARN_DIRECT_OBJC_ISA_USAGE = YES_ERROR;
				CLANG_WARN_DOCUMENTATION_COMMENTS = YES;
				CLANG_WARN_EMPTY_BODY = YES;
				CLANG_WARN_ENUM_CONVERSION = YES;
				CLANG_WARN_INFINITE_RECURSION = YES;
				CLANG_WARN_INT_CONVERSION = YES;
				CLANG_WARN_NON_LITERAL_NULL_CONVERSION = YES;
				CLANG_WARN_OBJC_LITERAL_CONVERSION = YES;
				CLANG_WARN_OBJC_ROOT_CLASS = YES_ERROR;
				CLANG_WARN_RANGE_LOOP_ANALYSIS = YES;
				CLANG_WARN_STRICT_PROTOTYPES = YES;
				CLANG_WARN_SUSPICIOUS_MOVE = YES;
				CLANG_WARN_UNGUARDED_AVAILABILITY = YES_AGGRESSIVE;
				CLANG_WARN_UNREACHABLE_CODE = YES;
				CLANG_WARN__DUPLICATE_METHOD_MATCH = YES;
				CODE_SIGN_IDENTITY = "iPhone Developer";
				COPY_PHASE_STRIP = NO;
				DEBUG_INFORMATION_FORMAT = "dwarf-with-dsym";
				ENABLE_NS_ASSERTIONS = NO;
				ENABLE_STRICT_OBJC_MSGSEND = YES;
				GCC_C_LANGUAGE_STANDARD = gnu11;
				GCC_NO_COMMON_BLOCKS = YES;
				GCC_WARN_64_TO_32_BIT_CONVERSION = YES;
				GCC_WARN_ABOUT_RETURN_TYPE = YES_ERROR;
				GCC_WARN_UNDECLARED_SELECTOR = YES;
				GCC_WARN_UNINITIALIZED_AUTOS = YES_AGGRESSIVE;
				GCC_WARN_UNUSED_FUNCTION = YES;
				GCC_WARN_UNUSED_VARIABLE = YES;
				IPHONEOS_DEPLOYMENT_TARGET = 11.0;
				MTL_ENABLE_DEBUG_INFO = NO;
				SDKROOT = iphoneos;
				SWIFT_OPTIMIZATION_LEVEL = "-Owholemodule";
				VALIDATE_PRODUCT = YES;
			};
			name = Release;
		};
		FF4404E51F397B87002A74FE /* Debug */ = {
			isa = XCBuildConfiguration;
			buildSettings = {
				ASSETCATALOG_COMPILER_APPICON_NAME = AppIcon;
				DEVELOPMENT_TEAM = EV28Y3W68P;
				INFOPLIST_FILE = uiButton_image_sakura/Info.plist;
				LD_RUNPATH_SEARCH_PATHS = "$(inherited) @executable_path/Frameworks";
				PRODUCT_BUNDLE_IDENTIFIER = "com.oshige.uiButton-image-sakura";
				PRODUCT_NAME = "$(TARGET_NAME)";
				SWIFT_VERSION = 4.0;
				TARGETED_DEVICE_FAMILY = "1,2";
			};
			name = Debug;
		};
		FF4404E61F397B87002A74FE /* Release */ = {
			isa = XCBuildConfiguration;
			buildSettings = {
				ASSETCATALOG_COMPILER_APPICON_NAME = AppIcon;
				DEVELOPMENT_TEAM = EV28Y3W68P;
				INFOPLIST_FILE = uiButton_image_sakura/Info.plist;
				LD_RUNPATH_SEARCH_PATHS = "$(inherited) @executable_path/Frameworks";
				PRODUCT_BUNDLE_IDENTIFIER = "com.oshige.uiButton-image-sakura";
				PRODUCT_NAME = "$(TARGET_NAME)";
				SWIFT_VERSION = 4.0;
				TARGETED_DEVICE_FAMILY = "1,2";
			};
			name = Release;
		};
/* End XCBuildConfiguration section */

/* Begin XCConfigurationList section */
		FF4404CD1F397B87002A74FE /* Build configuration list for PBXProject "uiButton_image_sakura" */ = {
			isa = XCConfigurationList;
			buildConfigurations = (
				FF4404E21F397B87002A74FE /* Debug */,
				FF4404E31F397B87002A74FE /* Release */,
			);
			defaultConfigurationIsVisible = 0;
			defaultConfigurationName = Release;
		};
		FF4404E41F397B87002A74FE /* Build configuration list for PBXNativeTarget "uiButton_image_sakura" */ = {
			isa = XCConfigurationList;
			buildConfigurations = (
				FF4404E51F397B87002A74FE /* Debug */,
				FF4404E61F397B87002A74FE /* Release */,
			);
			defaultConfigurationIsVisible = 0;
			defaultConfigurationName = Release;
		};
/* End XCConfigurationList section */
	};
	rootObject = FF4404CA1F397B87002A74FE /* Project object */;
}
