// !$*UTF8*$!
{
	archiveVersion = 1;
	classes = {
	};
	objectVersion = 48;
	objects = {

/* Begin PBXBuildFile section */
		FF5236271F4EB01A004FB6DD /* AppDelegate.swift in Sources */ = {isa = PBXBuildFile; fileRef = FF5236261F4EB01A004FB6DD /* AppDelegate.swift */; };
		FF5236291F4EB01A004FB6DD /* ViewController.swift in Sources */ = {isa = PBXBuildFile; fileRef = FF5236281F4EB01A004FB6DD /* ViewController.swift */; };
		FF52362C1F4EB01A004FB6DD /* Main.storyboard in Resources */ = {isa = PBXBuildFile; fileRef = FF52362A1F4EB01A004FB6DD /* Main.storyboard */; };
		FF52362E1F4EB01A004FB6DD /* Assets.xcassets in Resources */ = {isa = PBXBuildFile; fileRef = FF52362D1F4EB01A004FB6DD /* Assets.xcassets */; };
		FF5236311F4EB01A004FB6DD /* LaunchScreen.storyboard in Resources */ = {isa = PBXBuildFile; fileRef = FF52362F1F4EB01A004FB6DD /* LaunchScreen.storyboard */; };
/* End PBXBuildFile section */

/* Begin PBXFileReference section */
		FF5236231F4EB01A004FB6DD /* gestureRecognizer_drag_color.app */ = {isa = PBXFileReference; explicitFileType = wrapper.application; includeInIndex = 0; path = gestureRecognizer_drag_color.app; sourceTree = BUILT_PRODUCTS_DIR; };
		FF5236261F4EB01A004FB6DD /* AppDelegate.swift */ = {isa = PBXFileReference; lastKnownFileType = sourcecode.swift; path = AppDelegate.swift; sourceTree = "<group>"; };
		FF5236281F4EB01A004FB6DD /* ViewController.swift */ = {isa = PBXFileReference; lastKnownFileType = sourcecode.swift; path = ViewController.swift; sourceTree = "<group>"; };
		FF52362B1F4EB01A004FB6DD /* Base */ = {isa = PBXFileReference; lastKnownFileType = file.storyboard; name = Base; path = Base.lproj/Main.storyboard; sourceTree = "<group>"; };
		FF52362D1F4EB01A004FB6DD /* Assets.xcassets */ = {isa = PBXFileReference; lastKnownFileType = folder.assetcatalog; path = Assets.xcassets; sourceTree = "<group>"; };
		FF5236301F4EB01A004FB6DD /* Base */ = {isa = PBXFileReference; lastKnownFileType = file.storyboard; name = Base; path = Base.lproj/LaunchScreen.storyboard; sourceTree = "<group>"; };
		FF5236321F4EB01A004FB6DD /* Info.plist */ = {isa = PBXFileReference; lastKnownFileType = text.plist.xml; path = Info.plist; sourceTree = "<group>"; };
/* End PBXFileReference section */

/* Begin PBXFrameworksBuildPhase section */
		FF5236201F4EB01A004FB6DD /* Frameworks */ = {
			isa = PBXFrameworksBuildPhase;
			buildActionMask = 2147483647;
			files = (
			);
			runOnlyForDeploymentPostprocessing = 0;
		};
/* End PBXFrameworksBuildPhase section */

/* Begin PBXGroup section */
		FF52361A1F4EB01A004FB6DD = {
			isa = PBXGroup;
			children = (
				FF5236251F4EB01A004FB6DD /* gestureRecognizer_drag_color */,
				FF5236241F4EB01A004FB6DD /* Products */,
			);
			sourceTree = "<group>";
		};
		FF5236241F4EB01A004FB6DD /* Products */ = {
			isa = PBXGroup;
			children = (
				FF5236231F4EB01A004FB6DD /* gestureRecognizer_drag_color.app */,
			);
			name = Products;
			sourceTree = "<group>";
		};
		FF5236251F4EB01A004FB6DD /* gestureRecognizer_drag_color */ = {
			isa = PBXGroup;
			children = (
				FF5236261F4EB01A004FB6DD /* AppDelegate.swift */,
				FF5236281F4EB01A004FB6DD /* ViewController.swift */,
				FF52362A1F4EB01A004FB6DD /* Main.storyboard */,
				FF52362D1F4EB01A004FB6DD /* Assets.xcassets */,
				FF52362F1F4EB01A004FB6DD /* LaunchScreen.storyboard */,
				FF5236321F4EB01A004FB6DD /* Info.plist */,
			);
			path = gestureRecognizer_drag_color;
			sourceTree = "<group>";
		};
/* End PBXGroup section */

/* Begin PBXNativeTarget section */
		FF5236221F4EB01A004FB6DD /* gestureRecognizer_drag_color */ = {
			isa = PBXNativeTarget;
			buildConfigurationList = FF5236351F4EB01A004FB6DD /* Build configuration list for PBXNativeTarget "gestureRecognizer_drag_color" */;
			buildPhases = (
				FF52361F1F4EB01A004FB6DD /* Sources */,
				FF5236201F4EB01A004FB6DD /* Frameworks */,
				FF5236211F4EB01A004FB6DD /* Resources */,
			);
			buildRules = (
			);
			dependencies = (
			);
			name = gestureRecognizer_drag_color;
			productName = gestureRecognizer_drag_color;
			productReference = FF5236231F4EB01A004FB6DD /* gestureRecognizer_drag_color.app */;
			productType = "com.apple.product-type.application";
		};
/* End PBXNativeTarget section */

/* Begin PBXProject section */
		FF52361B1F4EB01A004FB6DD /* Project object */ = {
			isa = PBXProject;
			attributes = {
				LastSwiftUpdateCheck = 0900;
				LastUpgradeCheck = 0900;
				ORGANIZATIONNAME = "yoshiyuki oshige";
				TargetAttributes = {
					FF5236221F4EB01A004FB6DD = {
						CreatedOnToolsVersion = 9.0;
						ProvisioningStyle = Automatic;
					};
				};
			};
			buildConfigurationList = FF52361E1F4EB01A004FB6DD /* Build configuration list for PBXProject "gestureRecognizer_drag_color" */;
			compatibilityVersion = "Xcode 8.0";
			developmentRegion = en;
			hasScannedForEncodings = 0;
			knownRegions = (
				en,
				Base,
			);
			mainGroup = FF52361A1F4EB01A004FB6DD;
			productRefGroup = FF5236241F4EB01A004FB6DD /* Products */;
			projectDirPath = "";
			projectRoot = "";
			targets = (
				FF5236221F4EB01A004FB6DD /* gestureRecognizer_drag_color */,
			);
		};
/* End PBXProject section */

/* Begin PBXResourcesBuildPhase section */
		FF5236211F4EB01A004FB6DD /* Resources */ = {
			isa = PBXResourcesBuildPhase;
			buildActionMask = 2147483647;
			files = (
				FF5236311F4EB01A004FB6DD /* LaunchScreen.storyboard in Resources */,
				FF52362E1F4EB01A004FB6DD /* Assets.xcassets in Resources */,
				FF52362C1F4EB01A004FB6DD /* Main.storyboard in Resources */,
			);
			runOnlyForDeploymentPostprocessing = 0;
		};
/* End PBXResourcesBuildPhase section */

/* Begin PBXSourcesBuildPhase section */
		FF52361F1F4EB01A004FB6DD /* Sources */ = {
			isa = PBXSourcesBuildPhase;
			buildActionMask = 2147483647;
			files = (
				FF5236291F4EB01A004FB6DD /* ViewController.swift in Sources */,
				FF5236271F4EB01A004FB6DD /* AppDelegate.swift in Sources */,
			);
			runOnlyForDeploymentPostprocessing = 0;
		};
/* End PBXSourcesBuildPhase section */

/* Begin PBXVariantGroup section */
		FF52362A1F4EB01A004FB6DD /* Main.storyboard */ = {
			isa = PBXVariantGroup;
			children = (
				FF52362B1F4EB01A004FB6DD /* Base */,
			);
			name = Main.storyboard;
			sourceTree = "<group>";
		};
		FF52362F1F4EB01A004FB6DD /* LaunchScreen.storyboard */ = {
			isa = PBXVariantGroup;
			children = (
				FF5236301F4EB01A004FB6DD /* Base */,
			);
			name = LaunchScreen.storyboard;
			sourceTree = "<group>";
		};
/* End PBXVariantGroup section */

/* Begin XCBuildConfiguration section */
		FF5236331F4EB01A004FB6DD /* Debug */ = {
			isa = XCBuildConfiguration;
			buildSettings = {
				ALWAYS_SEARCH_USER_PATHS = NO;
				CLANG_ANALYZER_NONNULL = YES;
				CLANG_ANALYZER_NUMBER_OBJECT_CONVERSION = YES_AGGRESSIVE;
				CLANG_CXX_LANGUAGE_STANDARD = "gnu++14";
				CLANG_CXX_LIBRARY = "libc++";
				CLANG_ENABLE_MODULES = YES;
				CLANG_ENABLE_OBJC_ARC = YES;
				CLANG_WARN_BLOCK_CAPTURE_AUTORELEASING = YES;
				CLANG_WARN_BOOL_CONVERSION = YES;
				CLANG_WARN_COMMA = YES;
				CLANG_WARN_CONSTANT_CONVERSION = YES;
				CLANG_WARN_DIRECT_OBJC_ISA_USAGE = YES_ERROR;
				CLANG_WARN_DOCUMENTATION_COMMENTS = YES;
				CLANG_WARN_EMPTY_BODY = YES;
				CLANG_WARN_ENUM_CONVERSION = YES;
				CLANG_WARN_INFINITE_RECURSION = YES;
				CLANG_WARN_INT_CONVERSION = YES;
				CLANG_WARN_NON_LITERAL_NULL_CONVERSION = YES;
				CLANG_WARN_OBJC_LITERAL_CONVERSION = YES;
				CLANG_WARN_OBJC_ROOT_CLASS = YES_ERROR;
				CLANG_WARN_RANGE_LOOP_ANALYSIS = YES;
				CLANG_WARN_STRICT_PROTOTYPES = YES;
				CLANG_WARN_SUSPICIOUS_MOVE = YES;
				CLANG_WARN_UNGUARDED_AVAILABILITY = YES_AGGRESSIVE;
				CLANG_WARN_UNREACHABLE_CODE = YES;
				CLANG_WARN__DUPLICATE_METHOD_MATCH = YES;
				CODE_SIGN_IDENTITY = "iPhone Developer";
				COPY_PHASE_STRIP = NO;
				DEBUG_INFORMATION_FORMAT = dwarf;
				ENABLE_STRICT_OBJC_MSGSEND = YES;
				ENABLE_TESTABILITY = YES;
				GCC_C_LANGUAGE_STANDARD = gnu11;
				GCC_DYNAMIC_NO_PIC = NO;
				GCC_NO_COMMON_BLOCKS = YES;
				GCC_OPTIMIZATION_LEVEL = 0;
				GCC_PREPROCESSOR_DEFINITIONS = (
					"DEBUG=1",
					"$(inherited)",
				);
				GCC_WARN_64_TO_32_BIT_CONVERSION = YES;
				GCC_WARN_ABOUT_RETURN_TYPE = YES_ERROR;
				GCC_WARN_UNDECLARED_SELECTOR = YES;
				GCC_WARN_UNINITIALIZED_AUTOS = YES_AGGRESSIVE;
				GCC_WARN_UNUSED_FUNCTION = YES;
				GCC_WARN_UNUSED_VARIABLE = YES;
				IPHONEOS_DEPLOYMENT_TARGET = 11.0;
				MTL_ENABLE_DEBUG_INFO = YES;
				ONLY_ACTIVE_ARCH = YES;
				SDKROOT = iphoneos;
				SWIFT_ACTIVE_COMPILATION_CONDITIONS = DEBUG;
				SWIFT_OPTIMIZATION_LEVEL = "-Onone";
			};
			name = Debug;
		};
		FF5236341F4EB01A004FB6DD /* Release */ = {
			isa = XCBuildConfiguration;
			buildSettings = {
				ALWAYS_SEARCH_USER_PATHS = NO;
				CLANG_ANALYZER_NONNULL = YES;
				CLANG_ANALYZER_NUMBER_OBJECT_CONVERSION = YES_AGGRESSIVE;
				CLANG_CXX_LANGUAGE_STANDARD = "gnu++14";
				CLANG_CXX_LIBRARY = "libc++";
				CLANG_ENABLE_MODULES = YES;
				CLANG_ENABLE_OBJC_ARC = YES;
				CLANG_WARN_BLOCK_CAPTURE_AUTORELEASING = YES;
				CLANG_WARN_BOOL_CONVERSION = YES;
				CLANG_WARN_COMMA = YES;
				CLANG_WARN_CONSTANT_CONVERSION = YES;
				CLANG_WARN_DIRECT_OBJC_ISA_USAGE = YES_ERROR;
				CLANG_WARN_DOCUMENTATION_COMMENTS = YES;
				CLANG_WARN_EMPTY_BODY = YES;
				CLANG_WARN_ENUM_CONVERSION = YES;
				CLANG_WARN_INFINITE_RECURSION = YES;
				CLANG_WARN_INT_CONVERSION = YES;
				CLANG_WARN_NON_LITERAL_NULL_CONVERSION = YES;
				CLANG_WARN_OBJC_LITERAL_CONVERSION = YES;
				CLANG_WARN_OBJC_ROOT_CLASS = YES_ERROR;
				CLANG_WARN_RANGE_LOOP_ANALYSIS = YES;
				CLANG_WARN_STRICT_PROTOTYPES = YES;
				CLANG_WARN_SUSPICIOUS_MOVE = YES;
				CLANG_WARN_UNGUARDED_AVAILABILITY = YES_AGGRESSIVE;
				CLANG_WARN_UNREACHABLE_CODE = YES;
				CLANG_WARN__DUPLICATE_METHOD_MATCH = YES;
				CODE_SIGN_IDENTITY = "iPhone Developer";
				COPY_PHASE_STRIP = NO;
				DEBUG_INFORMATION_FORMAT = "dwarf-with-dsym";
				ENABLE_NS_ASSERTIONS = NO;
				ENABLE_STRICT_OBJC_MSGSEND = YES;
				GCC_C_LANGUAGE_STANDARD = gnu11;
				GCC_NO_COMMON_BLOCKS = YES;
				GCC_WARN_64_TO_32_BIT_CONVERSION = YES;
				GCC_WARN_ABOUT_RETURN_TYPE = YES_ERROR;
				GCC_WARN_UNDECLARED_SELECTOR = YES;
				GCC_WARN_UNINITIALIZED_AUTOS = YES_AGGRESSIVE;
				GCC_WARN_UNUSED_FUNCTION = YES;
				GCC_WARN_UNUSED_VARIABLE = YES;
				IPHONEOS_DEPLOYMENT_TARGET = 11.0;
				MTL_ENABLE_DEBUG_INFO = NO;
				SDKROOT = iphoneos;
				SWIFT_OPTIMIZATION_LEVEL = "-Owholemodule";
				VALIDATE_PRODUCT = YES;
			};
			name = Release;
		};
		FF5236361F4EB01A004FB6DD /* Debug */ = {
			isa = XCBuildConfiguration;
			buildSettings = {
				ASSETCATALOG_COMPILER_APPICON_NAME = AppIcon;
				CODE_SIGN_STYLE = Automatic;
				DEVELOPMENT_TEAM = "";
				INFOPLIST_FILE = gestureRecognizer_drag_color/Info.plist;
				LD_RUNPATH_SEARCH_PATHS = "$(inherited) @executable_path/Frameworks";
				PRODUCT_BUNDLE_IDENTIFIER = "com.oshige.gestureRecognizer-drag-color";
				PRODUCT_NAME = "$(TARGET_NAME)";
				SWIFT_VERSION = 4.0;
				TARGETED_DEVICE_FAMILY = "1,2";
			};
			name = Debug;
		};
		FF5236371F4EB01A004FB6DD /* Release */ = {
			isa = XCBuildConfiguration;
			buildSettings = {
				ASSETCATALOG_COMPILER_APPICON_NAME = AppIcon;
				CODE_SIGN_STYLE = Automatic;
				DEVELOPMENT_TEAM = "";
				INFOPLIST_FILE = gestureRecognizer_drag_color/Info.plist;
				LD_RUNPATH_SEARCH_PATHS = "$(inherited) @executable_path/Frameworks";
				PRODUCT_BUNDLE_IDENTIFIER = "com.oshige.gestureRecognizer-drag-color";
				PRODUCT_NAME = "$(TARGET_NAME)";
				SWIFT_VERSION = 4.0;
				TARGETED_DEVICE_FAMILY = "1,2";
			};
			name = Release;
		};
/* End XCBuildConfiguration section */

/* Begin XCConfigurationList section */
		FF52361E1F4EB01A004FB6DD /* Build configuration list for PBXProject "gestureRecognizer_drag_color" */ = {
			isa = XCConfigurationList;
			buildConfigurations = (
				FF5236331F4EB01A004FB6DD /* Debug */,
				FF5236341F4EB01A004FB6DD /* Release */,
			);
			defaultConfigurationIsVisible = 0;
			defaultConfigurationName = Release;
		};
		FF5236351F4EB01A004FB6DD /* Build configuration list for PBXNativeTarget "gestureRecognizer_drag_color" */ = {
			isa = XCConfigurationList;
			buildConfigurations = (
				FF5236361F4EB01A004FB6DD /* Debug */,
				FF5236371F4EB01A004FB6DD /* Release */,
			);
			defaultConfigurationIsVisible = 0;
			defaultConfigurationName = Release;
		};
/* End XCConfigurationList section */
	};
	rootObject = FF52361B1F4EB01A004FB6DD /* Project object */;
}
