// !$*UTF8*$!
{
	archiveVersion = 1;
	classes = {
	};
	objectVersion = 48;
	objects = {

/* Begin PBXBuildFile section */
		2A5EF265221ACD0E00123FBE /* AppDelegate.swift in Sources */ = {isa = PBXBuildFile; fileRef = 2A5EF264221ACD0E00123FBE /* AppDelegate.swift */; };
		2A5EF267221ACD0E00123FBE /* ViewController.swift in Sources */ = {isa = PBXBuildFile; fileRef = 2A5EF266221ACD0E00123FBE /* ViewController.swift */; };
		2A5EF26A221ACD0E00123FBE /* Main.storyboard in Resources */ = {isa = PBXBuildFile; fileRef = 2A5EF268221ACD0E00123FBE /* Main.storyboard */; };
		2A5EF26C221ACD0E00123FBE /* Assets.xcassets in Resources */ = {isa = PBXBuildFile; fileRef = 2A5EF26B221ACD0E00123FBE /* Assets.xcassets */; };
		2A5EF26F221ACD0E00123FBE /* LaunchScreen.storyboard in Resources */ = {isa = PBXBuildFile; fileRef = 2A5EF26D221ACD0E00123FBE /* LaunchScreen.storyboard */; };
/* End PBXBuildFile section */

/* Begin PBXFileReference section */
		2A5EF261221ACD0E00123FBE /* Section19-2-A.app */ = {isa = PBXFileReference; explicitFileType = wrapper.application; includeInIndex = 0; path = "Section19-2-A.app"; sourceTree = BUILT_PRODUCTS_DIR; };
		2A5EF264221ACD0E00123FBE /* AppDelegate.swift */ = {isa = PBXFileReference; lastKnownFileType = sourcecode.swift; path = AppDelegate.swift; sourceTree = "<group>"; };
		2A5EF266221ACD0E00123FBE /* ViewController.swift */ = {isa = PBXFileReference; lastKnownFileType = sourcecode.swift; path = ViewController.swift; sourceTree = "<group>"; };
		2A5EF269221ACD0E00123FBE /* Base */ = {isa = PBXFileReference; lastKnownFileType = file.storyboard; name = Base; path = Base.lproj/Main.storyboard; sourceTree = "<group>"; };
		2A5EF26B221ACD0E00123FBE /* Assets.xcassets */ = {isa = PBXFileReference; lastKnownFileType = folder.assetcatalog; path = Assets.xcassets; sourceTree = "<group>"; };
		2A5EF26E221ACD0E00123FBE /* Base */ = {isa = PBXFileReference; lastKnownFileType = file.storyboard; name = Base; path = Base.lproj/LaunchScreen.storyboard; sourceTree = "<group>"; };
		2A5EF270221ACD0E00123FBE /* Info.plist */ = {isa = PBXFileReference; lastKnownFileType = text.plist.xml; path = Info.plist; sourceTree = "<group>"; };
/* End PBXFileReference section */

/* Begin PBXFrameworksBuildPhase section */
		2A5EF25E221ACD0E00123FBE /* Frameworks */ = {
			isa = PBXFrameworksBuildPhase;
			buildActionMask = 2147483647;
			files = (
			);
			runOnlyForDeploymentPostprocessing = 0;
		};
/* End PBXFrameworksBuildPhase section */

/* Begin PBXGroup section */
		2A5EF258221ACD0E00123FBE = {
			isa = PBXGroup;
			children = (
				2A5EF263221ACD0E00123FBE /* Section19-2-A */,
				2A5EF262221ACD0E00123FBE /* Products */,
			);
			sourceTree = "<group>";
		};
		2A5EF262221ACD0E00123FBE /* Products */ = {
			isa = PBXGroup;
			children = (
				2A5EF261221ACD0E00123FBE /* Section19-2-A.app */,
			);
			name = Products;
			sourceTree = "<group>";
		};
		2A5EF263221ACD0E00123FBE /* Section19-2-A */ = {
			isa = PBXGroup;
			children = (
				2A5EF264221ACD0E00123FBE /* AppDelegate.swift */,
				2A5EF266221ACD0E00123FBE /* ViewController.swift */,
				2A5EF268221ACD0E00123FBE /* Main.storyboard */,
				2A5EF26B221ACD0E00123FBE /* Assets.xcassets */,
				2A5EF26D221ACD0E00123FBE /* LaunchScreen.storyboard */,
				2A5EF270221ACD0E00123FBE /* Info.plist */,
			);
			path = "Section19-2-A";
			sourceTree = "<group>";
		};
/* End PBXGroup section */

/* Begin PBXNativeTarget section */
		2A5EF260221ACD0E00123FBE /* Section19-2-A */ = {
			isa = PBXNativeTarget;
			buildConfigurationList = 2A5EF273221ACD0E00123FBE /* Build configuration list for PBXNativeTarget "Section19-2-A" */;
			buildPhases = (
				2A5EF25D221ACD0E00123FBE /* Sources */,
				2A5EF25E221ACD0E00123FBE /* Frameworks */,
				2A5EF25F221ACD0E00123FBE /* Resources */,
			);
			buildRules = (
			);
			dependencies = (
			);
			name = "Section19-2-A";
			productName = "Section19-2-A";
			productReference = 2A5EF261221ACD0E00123FBE /* Section19-2-A.app */;
			productType = "com.apple.product-type.application";
		};
/* End PBXNativeTarget section */

/* Begin PBXProject section */
		2A5EF259221ACD0E00123FBE /* Project object */ = {
			isa = PBXProject;
			attributes = {
				LastSwiftUpdateCheck = 0920;
				LastUpgradeCheck = 0920;
				ORGANIZATIONNAME = hikeuchi;
				TargetAttributes = {
					2A5EF260221ACD0E00123FBE = {
						CreatedOnToolsVersion = 9.2;
						ProvisioningStyle = Automatic;
					};
				};
			};
			buildConfigurationList = 2A5EF25C221ACD0E00123FBE /* Build configuration list for PBXProject "Section19-2-A" */;
			compatibilityVersion = "Xcode 8.0";
			developmentRegion = en;
			hasScannedForEncodings = 0;
			knownRegions = (
				en,
				Base,
			);
			mainGroup = 2A5EF258221ACD0E00123FBE;
			productRefGroup = 2A5EF262221ACD0E00123FBE /* Products */;
			projectDirPath = "";
			projectRoot = "";
			targets = (
				2A5EF260221ACD0E00123FBE /* Section19-2-A */,
			);
		};
/* End PBXProject section */

/* Begin PBXResourcesBuildPhase section */
		2A5EF25F221ACD0E00123FBE /* Resources */ = {
			isa = PBXResourcesBuildPhase;
			buildActionMask = 2147483647;
			files = (
				2A5EF26F221ACD0E00123FBE /* LaunchScreen.storyboard in Resources */,
				2A5EF26C221ACD0E00123FBE /* Assets.xcassets in Resources */,
				2A5EF26A221ACD0E00123FBE /* Main.storyboard in Resources */,
			);
			runOnlyForDeploymentPostprocessing = 0;
		};
/* End PBXResourcesBuildPhase section */

/* Begin PBXSourcesBuildPhase section */
		2A5EF25D221ACD0E00123FBE /* Sources */ = {
			isa = PBXSourcesBuildPhase;
			buildActionMask = 2147483647;
			files = (
				2A5EF267221ACD0E00123FBE /* ViewController.swift in Sources */,
				2A5EF265221ACD0E00123FBE /* AppDelegate.swift in Sources */,
			);
			runOnlyForDeploymentPostprocessing = 0;
		};
/* End PBXSourcesBuildPhase section */

/* Begin PBXVariantGroup section */
		2A5EF268221ACD0E00123FBE /* Main.storyboard */ = {
			isa = PBXVariantGroup;
			children = (
				2A5EF269221ACD0E00123FBE /* Base */,
			);
			name = Main.storyboard;
			sourceTree = "<group>";
		};
		2A5EF26D221ACD0E00123FBE /* LaunchScreen.storyboard */ = {
			isa = PBXVariantGroup;
			children = (
				2A5EF26E221ACD0E00123FBE /* Base */,
			);
			name = LaunchScreen.storyboard;
			sourceTree = "<group>";
		};
/* End PBXVariantGroup section */

/* Begin XCBuildConfiguration section */
		2A5EF271221ACD0E00123FBE /* Debug */ = {
			isa = XCBuildConfiguration;
			buildSettings = {
				ALWAYS_SEARCH_USER_PATHS = NO;
				CLANG_ANALYZER_NONNULL = YES;
				CLANG_ANALYZER_NUMBER_OBJECT_CONVERSION = YES_AGGRESSIVE;
				CLANG_CXX_LANGUAGE_STANDARD = "gnu++14";
				CLANG_CXX_LIBRARY = "libc++";
				CLANG_ENABLE_MODULES = YES;
				CLANG_ENABLE_OBJC_ARC = YES;
				CLANG_WARN_BLOCK_CAPTURE_AUTORELEASING = YES;
				CLANG_WARN_BOOL_CONVERSION = YES;
				CLANG_WARN_COMMA = YES;
				CLANG_WARN_CONSTANT_CONVERSION = YES;
				CLANG_WARN_DIRECT_OBJC_ISA_USAGE = YES_ERROR;
				CLANG_WARN_DOCUMENTATION_COMMENTS = YES;
				CLANG_WARN_EMPTY_BODY = YES;
				CLANG_WARN_ENUM_CONVERSION = YES;
				CLANG_WARN_INFINITE_RECURSION = YES;
				CLANG_WARN_INT_CONVERSION = YES;
				CLANG_WARN_NON_LITERAL_NULL_CONVERSION = YES;
				CLANG_WARN_OBJC_LITERAL_CONVERSION = YES;
				CLANG_WARN_OBJC_ROOT_CLASS = YES_ERROR;
				CLANG_WARN_RANGE_LOOP_ANALYSIS = YES;
				CLANG_WARN_STRICT_PROTOTYPES = YES;
				CLANG_WARN_SUSPICIOUS_MOVE = YES;
				CLANG_WARN_UNGUARDED_AVAILABILITY = YES_AGGRESSIVE;
				CLANG_WARN_UNREACHABLE_CODE = YES;
				CLANG_WARN__DUPLICATE_METHOD_MATCH = YES;
				CODE_SIGN_IDENTITY = "iPhone Developer";
				COPY_PHASE_STRIP = NO;
				DEBUG_INFORMATION_FORMAT = dwarf;
				ENABLE_STRICT_OBJC_MSGSEND = YES;
				ENABLE_TESTABILITY = YES;
				GCC_C_LANGUAGE_STANDARD = gnu11;
				GCC_DYNAMIC_NO_PIC = NO;
				GCC_NO_COMMON_BLOCKS = YES;
				GCC_OPTIMIZATION_LEVEL = 0;
				GCC_PREPROCESSOR_DEFINITIONS = (
					"DEBUG=1",
					"$(inherited)",
				);
				GCC_WARN_64_TO_32_BIT_CONVERSION = YES;
				GCC_WARN_ABOUT_RETURN_TYPE = YES_ERROR;
				GCC_WARN_UNDECLARED_SELECTOR = YES;
				GCC_WARN_UNINITIALIZED_AUTOS = YES_AGGRESSIVE;
				GCC_WARN_UNUSED_FUNCTION = YES;
				GCC_WARN_UNUSED_VARIABLE = YES;
				IPHONEOS_DEPLOYMENT_TARGET = 11.2;
				MTL_ENABLE_DEBUG_INFO = YES;
				ONLY_ACTIVE_ARCH = YES;
				SDKROOT = iphoneos;
				SWIFT_ACTIVE_COMPILATION_CONDITIONS = DEBUG;
				SWIFT_OPTIMIZATION_LEVEL = "-Onone";
			};
			name = Debug;
		};
		2A5EF272221ACD0E00123FBE /* Release */ = {
			isa = XCBuildConfiguration;
			buildSettings = {
				ALWAYS_SEARCH_USER_PATHS = NO;
				CLANG_ANALYZER_NONNULL = YES;
				CLANG_ANALYZER_NUMBER_OBJECT_CONVERSION = YES_AGGRESSIVE;
				CLANG_CXX_LANGUAGE_STANDARD = "gnu++14";
				CLANG_CXX_LIBRARY = "libc++";
				CLANG_ENABLE_MODULES = YES;
				CLANG_ENABLE_OBJC_ARC = YES;
				CLANG_WARN_BLOCK_CAPTURE_AUTORELEASING = YES;
				CLANG_WARN_BOOL_CONVERSION = YES;
				CLANG_WARN_COMMA = YES;
				CLANG_WARN_CONSTANT_CONVERSION = YES;
				CLANG_WARN_DIRECT_OBJC_ISA_USAGE = YES_ERROR;
				CLANG_WARN_DOCUMENTATION_COMMENTS = YES;
				CLANG_WARN_EMPTY_BODY = YES;
				CLANG_WARN_ENUM_CONVERSION = YES;
				CLANG_WARN_INFINITE_RECURSION = YES;
				CLANG_WARN_INT_CONVERSION = YES;
				CLANG_WARN_NON_LITERAL_NULL_CONVERSION = YES;
				CLANG_WARN_OBJC_LITERAL_CONVERSION = YES;
				CLANG_WARN_OBJC_ROOT_CLASS = YES_ERROR;
				CLANG_WARN_RANGE_LOOP_ANALYSIS = YES;
				CLANG_WARN_STRICT_PROTOTYPES = YES;
				CLANG_WARN_SUSPICIOUS_MOVE = YES;
				CLANG_WARN_UNGUARDED_AVAILABILITY = YES_AGGRESSIVE;
				CLANG_WARN_UNREACHABLE_CODE = YES;
				CLANG_WARN__DUPLICATE_METHOD_MATCH = YES;
				CODE_SIGN_IDENTITY = "iPhone Developer";
				COPY_PHASE_STRIP = NO;
				DEBUG_INFORMATION_FORMAT = "dwarf-with-dsym";
				ENABLE_NS_ASSERTIONS = NO;
				ENABLE_STRICT_OBJC_MSGSEND = YES;
				GCC_C_LANGUAGE_STANDARD = gnu11;
				GCC_NO_COMMON_BLOCKS = YES;
				GCC_WARN_64_TO_32_BIT_CONVERSION = YES;
				GCC_WARN_ABOUT_RETURN_TYPE = YES_ERROR;
				GCC_WARN_UNDECLARED_SELECTOR = YES;
				GCC_WARN_UNINITIALIZED_AUTOS = YES_AGGRESSIVE;
				GCC_WARN_UNUSED_FUNCTION = YES;
				GCC_WARN_UNUSED_VARIABLE = YES;
				IPHONEOS_DEPLOYMENT_TARGET = 11.2;
				MTL_ENABLE_DEBUG_INFO = NO;
				SDKROOT = iphoneos;
				SWIFT_OPTIMIZATION_LEVEL = "-Owholemodule";
				VALIDATE_PRODUCT = YES;
			};
			name = Release;
		};
		2A5EF274221ACD0E00123FBE /* Debug */ = {
			isa = XCBuildConfiguration;
			buildSettings = {
				ASSETCATALOG_COMPILER_APPICON_NAME = AppIcon;
				CODE_SIGN_STYLE = Automatic;
				INFOPLIST_FILE = "Section19-2-A/Info.plist";
				LD_RUNPATH_SEARCH_PATHS = "$(inherited) @executable_path/Frameworks";
				PRODUCT_BUNDLE_IDENTIFIER = "com.hikeuchi.Section19-2-A";
				PRODUCT_NAME = "$(TARGET_NAME)";
				SWIFT_VERSION = 4.0;
				TARGETED_DEVICE_FAMILY = "1,2";
			};
			name = Debug;
		};
		2A5EF275221ACD0E00123FBE /* Release */ = {
			isa = XCBuildConfiguration;
			buildSettings = {
				ASSETCATALOG_COMPILER_APPICON_NAME = AppIcon;
				CODE_SIGN_STYLE = Automatic;
				INFOPLIST_FILE = "Section19-2-A/Info.plist";
				LD_RUNPATH_SEARCH_PATHS = "$(inherited) @executable_path/Frameworks";
				PRODUCT_BUNDLE_IDENTIFIER = "com.hikeuchi.Section19-2-A";
				PRODUCT_NAME = "$(TARGET_NAME)";
				SWIFT_VERSION = 4.0;
				TARGETED_DEVICE_FAMILY = "1,2";
			};
			name = Release;
		};
/* End XCBuildConfiguration section */

/* Begin XCConfigurationList section */
		2A5EF25C221ACD0E00123FBE /* Build configuration list for PBXProject "Section19-2-A" */ = {
			isa = XCConfigurationList;
			buildConfigurations = (
				2A5EF271221ACD0E00123FBE /* Debug */,
				2A5EF272221ACD0E00123FBE /* Release */,
			);
			defaultConfigurationIsVisible = 0;
			defaultConfigurationName = Release;
		};
		2A5EF273221ACD0E00123FBE /* Build configuration list for PBXNativeTarget "Section19-2-A" */ = {
			isa = XCConfigurationList;
			buildConfigurations = (
				2A5EF274221ACD0E00123FBE /* Debug */,
				2A5EF275221ACD0E00123FBE /* Release */,
			);
			defaultConfigurationIsVisible = 0;
			defaultConfigurationName = Release;
		};
/* End XCConfigurationList section */
	};
	rootObject = 2A5EF259221ACD0E00123FBE /* Project object */;
}
