// !$*UTF8*$!
{
	archiveVersion = 1;
	classes = {
	};
	objectVersion = 48;
	objects = {

/* Begin PBXBuildFile section */
		FF7E30991F3EFD0D00DF22B3 /* AppDelegate.swift in Sources */ = {isa = PBXBuildFile; fileRef = FF7E30981F3EFD0D00DF22B3 /* AppDelegate.swift */; };
		FF7E309B1F3EFD0D00DF22B3 /* ViewController.swift in Sources */ = {isa = PBXBuildFile; fileRef = FF7E309A1F3EFD0D00DF22B3 /* ViewController.swift */; };
		FF7E309E1F3EFD0D00DF22B3 /* Main.storyboard in Resources */ = {isa = PBXBuildFile; fileRef = FF7E309C1F3EFD0D00DF22B3 /* Main.storyboard */; };
		FF7E30A01F3EFD0D00DF22B3 /* Assets.xcassets in Resources */ = {isa = PBXBuildFile; fileRef = FF7E309F1F3EFD0D00DF22B3 /* Assets.xcassets */; };
		FF7E30A31F3EFD0D00DF22B3 /* LaunchScreen.storyboard in Resources */ = {isa = PBXBuildFile; fileRef = FF7E30A11F3EFD0D00DF22B3 /* LaunchScreen.storyboard */; };
/* End PBXBuildFile section */

/* Begin PBXFileReference section */
		FF7E30951F3EFD0D00DF22B3 /* view_clipsToBounds.app */ = {isa = PBXFileReference; explicitFileType = wrapper.application; includeInIndex = 0; path = view_clipsToBounds.app; sourceTree = BUILT_PRODUCTS_DIR; };
		FF7E30981F3EFD0D00DF22B3 /* AppDelegate.swift */ = {isa = PBXFileReference; lastKnownFileType = sourcecode.swift; path = AppDelegate.swift; sourceTree = "<group>"; };
		FF7E309A1F3EFD0D00DF22B3 /* ViewController.swift */ = {isa = PBXFileReference; lastKnownFileType = sourcecode.swift; path = ViewController.swift; sourceTree = "<group>"; };
		FF7E309D1F3EFD0D00DF22B3 /* Base */ = {isa = PBXFileReference; lastKnownFileType = file.storyboard; name = Base; path = Base.lproj/Main.storyboard; sourceTree = "<group>"; };
		FF7E309F1F3EFD0D00DF22B3 /* Assets.xcassets */ = {isa = PBXFileReference; lastKnownFileType = folder.assetcatalog; path = Assets.xcassets; sourceTree = "<group>"; };
		FF7E30A21F3EFD0D00DF22B3 /* Base */ = {isa = PBXFileReference; lastKnownFileType = file.storyboard; name = Base; path = Base.lproj/LaunchScreen.storyboard; sourceTree = "<group>"; };
		FF7E30A41F3EFD0D00DF22B3 /* Info.plist */ = {isa = PBXFileReference; lastKnownFileType = text.plist.xml; path = Info.plist; sourceTree = "<group>"; };
/* End PBXFileReference section */

/* Begin PBXFrameworksBuildPhase section */
		FF7E30921F3EFD0D00DF22B3 /* Frameworks */ = {
			isa = PBXFrameworksBuildPhase;
			buildActionMask = 2147483647;
			files = (
			);
			runOnlyForDeploymentPostprocessing = 0;
		};
/* End PBXFrameworksBuildPhase section */

/* Begin PBXGroup section */
		FF7E308C1F3EFD0D00DF22B3 = {
			isa = PBXGroup;
			children = (
				FF7E30971F3EFD0D00DF22B3 /* view_clipsToBounds */,
				FF7E30961F3EFD0D00DF22B3 /* Products */,
			);
			sourceTree = "<group>";
		};
		FF7E30961F3EFD0D00DF22B3 /* Products */ = {
			isa = PBXGroup;
			children = (
				FF7E30951F3EFD0D00DF22B3 /* view_clipsToBounds.app */,
			);
			name = Products;
			sourceTree = "<group>";
		};
		FF7E30971F3EFD0D00DF22B3 /* view_clipsToBounds */ = {
			isa = PBXGroup;
			children = (
				FF7E30981F3EFD0D00DF22B3 /* AppDelegate.swift */,
				FF7E309A1F3EFD0D00DF22B3 /* ViewController.swift */,
				FF7E309C1F3EFD0D00DF22B3 /* Main.storyboard */,
				FF7E309F1F3EFD0D00DF22B3 /* Assets.xcassets */,
				FF7E30A11F3EFD0D00DF22B3 /* LaunchScreen.storyboard */,
				FF7E30A41F3EFD0D00DF22B3 /* Info.plist */,
			);
			path = view_clipsToBounds;
			sourceTree = "<group>";
		};
/* End PBXGroup section */

/* Begin PBXNativeTarget section */
		FF7E30941F3EFD0D00DF22B3 /* view_clipsToBounds */ = {
			isa = PBXNativeTarget;
			buildConfigurationList = FF7E30A71F3EFD0D00DF22B3 /* Build configuration list for PBXNativeTarget "view_clipsToBounds" */;
			buildPhases = (
				FF7E30911F3EFD0D00DF22B3 /* Sources */,
				FF7E30921F3EFD0D00DF22B3 /* Frameworks */,
				FF7E30931F3EFD0D00DF22B3 /* Resources */,
			);
			buildRules = (
			);
			dependencies = (
			);
			name = view_clipsToBounds;
			productName = view_clipsToBounds;
			productReference = FF7E30951F3EFD0D00DF22B3 /* view_clipsToBounds.app */;
			productType = "com.apple.product-type.application";
		};
/* End PBXNativeTarget section */

/* Begin PBXProject section */
		FF7E308D1F3EFD0D00DF22B3 /* Project object */ = {
			isa = PBXProject;
			attributes = {
				LastSwiftUpdateCheck = 0900;
				LastUpgradeCheck = 0900;
				ORGANIZATIONNAME = "yoshiyuki oshige";
				TargetAttributes = {
					FF7E30941F3EFD0D00DF22B3 = {
						CreatedOnToolsVersion = 9.0;
					};
				};
			};
			buildConfigurationList = FF7E30901F3EFD0D00DF22B3 /* Build configuration list for PBXProject "view_clipsToBounds" */;
			compatibilityVersion = "Xcode 8.0";
			developmentRegion = en;
			hasScannedForEncodings = 0;
			knownRegions = (
				en,
				Base,
			);
			mainGroup = FF7E308C1F3EFD0D00DF22B3;
			productRefGroup = FF7E30961F3EFD0D00DF22B3 /* Products */;
			projectDirPath = "";
			projectRoot = "";
			targets = (
				FF7E30941F3EFD0D00DF22B3 /* view_clipsToBounds */,
			);
		};
/* End PBXProject section */

/* Begin PBXResourcesBuildPhase section */
		FF7E30931F3EFD0D00DF22B3 /* Resources */ = {
			isa = PBXResourcesBuildPhase;
			buildActionMask = 2147483647;
			files = (
				FF7E30A31F3EFD0D00DF22B3 /* LaunchScreen.storyboard in Resources */,
				FF7E30A01F3EFD0D00DF22B3 /* Assets.xcassets in Resources */,
				FF7E309E1F3EFD0D00DF22B3 /* Main.storyboard in Resources */,
			);
			runOnlyForDeploymentPostprocessing = 0;
		};
/* End PBXResourcesBuildPhase section */

/* Begin PBXSourcesBuildPhase section */
		FF7E30911F3EFD0D00DF22B3 /* Sources */ = {
			isa = PBXSourcesBuildPhase;
			buildActionMask = 2147483647;
			files = (
				FF7E309B1F3EFD0D00DF22B3 /* ViewController.swift in Sources */,
				FF7E30991F3EFD0D00DF22B3 /* AppDelegate.swift in Sources */,
			);
			runOnlyForDeploymentPostprocessing = 0;
		};
/* End PBXSourcesBuildPhase section */

/* Begin PBXVariantGroup section */
		FF7E309C1F3EFD0D00DF22B3 /* Main.storyboard */ = {
			isa = PBXVariantGroup;
			children = (
				FF7E309D1F3EFD0D00DF22B3 /* Base */,
			);
			name = Main.storyboard;
			sourceTree = "<group>";
		};
		FF7E30A11F3EFD0D00DF22B3 /* LaunchScreen.storyboard */ = {
			isa = PBXVariantGroup;
			children = (
				FF7E30A21F3EFD0D00DF22B3 /* Base */,
			);
			name = LaunchScreen.storyboard;
			sourceTree = "<group>";
		};
/* End PBXVariantGroup section */

/* Begin XCBuildConfiguration section */
		FF7E30A51F3EFD0D00DF22B3 /* Debug */ = {
			isa = XCBuildConfiguration;
			buildSettings = {
				ALWAYS_SEARCH_USER_PATHS = NO;
				CLANG_ANALYZER_NONNULL = YES;
				CLANG_ANALYZER_NUMBER_OBJECT_CONVERSION = YES_AGGRESSIVE;
				CLANG_CXX_LANGUAGE_STANDARD = "gnu++14";
				CLANG_CXX_LIBRARY = "libc++";
				CLANG_ENABLE_MODULES = YES;
				CLANG_ENABLE_OBJC_ARC = YES;
				CLANG_WARN_BLOCK_CAPTURE_AUTORELEASING = YES;
				CLANG_WARN_BOOL_CONVERSION = YES;
				CLANG_WARN_COMMA = YES;
				CLANG_WARN_CONSTANT_CONVERSION = YES;
				CLANG_WARN_DIRECT_OBJC_ISA_USAGE = YES_ERROR;
				CLANG_WARN_DOCUMENTATION_COMMENTS = YES;
				CLANG_WARN_EMPTY_BODY = YES;
				CLANG_WARN_ENUM_CONVERSION = YES;
				CLANG_WARN_INFINITE_RECURSION = YES;
				CLANG_WARN_INT_CONVERSION = YES;
				CLANG_WARN_NON_LITERAL_NULL_CONVERSION = YES;
				CLANG_WARN_OBJC_LITERAL_CONVERSION = YES;
				CLANG_WARN_OBJC_ROOT_CLASS = YES_ERROR;
				CLANG_WARN_RANGE_LOOP_ANALYSIS = YES;
				CLANG_WARN_STRICT_PROTOTYPES = YES;
				CLANG_WARN_SUSPICIOUS_MOVE = YES;
				CLANG_WARN_UNGUARDED_AVAILABILITY = YES_AGGRESSIVE;
				CLANG_WARN_UNREACHABLE_CODE = YES;
				CLANG_WARN__DUPLICATE_METHOD_MATCH = YES;
				CODE_SIGN_IDENTITY = "iPhone Developer";
				COPY_PHASE_STRIP = NO;
				DEBUG_INFORMATION_FORMAT = dwarf;
				ENABLE_STRICT_OBJC_MSGSEND = YES;
				ENABLE_TESTABILITY = YES;
				GCC_C_LANGUAGE_STANDARD = gnu11;
				GCC_DYNAMIC_NO_PIC = NO;
				GCC_NO_COMMON_BLOCKS = YES;
				GCC_OPTIMIZATION_LEVEL = 0;
				GCC_PREPROCESSOR_DEFINITIONS = (
					"DEBUG=1",
					"$(inherited)",
				);
				GCC_WARN_64_TO_32_BIT_CONVERSION = YES;
				GCC_WARN_ABOUT_RETURN_TYPE = YES_ERROR;
				GCC_WARN_UNDECLARED_SELECTOR = YES;
				GCC_WARN_UNINITIALIZED_AUTOS = YES_AGGRESSIVE;
				GCC_WARN_UNUSED_FUNCTION = YES;
				GCC_WARN_UNUSED_VARIABLE = YES;
				IPHONEOS_DEPLOYMENT_TARGET = 11.0;
				MTL_ENABLE_DEBUG_INFO = YES;
				ONLY_ACTIVE_ARCH = YES;
				SDKROOT = iphoneos;
				SWIFT_ACTIVE_COMPILATION_CONDITIONS = DEBUG;
				SWIFT_OPTIMIZATION_LEVEL = "-Onone";
			};
			name = Debug;
		};
		FF7E30A61F3EFD0D00DF22B3 /* Release */ = {
			isa = XCBuildConfiguration;
			buildSettings = {
				ALWAYS_SEARCH_USER_PATHS = NO;
				CLANG_ANALYZER_NONNULL = YES;
				CLANG_ANALYZER_NUMBER_OBJECT_CONVERSION = YES_AGGRESSIVE;
				CLANG_CXX_LANGUAGE_STANDARD = "gnu++14";
				CLANG_CXX_LIBRARY = "libc++";
				CLANG_ENABLE_MODULES = YES;
				CLANG_ENABLE_OBJC_ARC = YES;
				CLANG_WARN_BLOCK_CAPTURE_AUTORELEASING = YES;
				CLANG_WARN_BOOL_CONVERSION = YES;
				CLANG_WARN_COMMA = YES;
				CLANG_WARN_CONSTANT_CONVERSION = YES;
				CLANG_WARN_DIRECT_OBJC_ISA_USAGE = YES_ERROR;
				CLANG_WARN_DOCUMENTATION_COMMENTS = YES;
				CLANG_WARN_EMPTY_BODY = YES;
				CLANG_WARN_ENUM_CONVERSION = YES;
				CLANG_WARN_INFINITE_RECURSION = YES;
				CLANG_WARN_INT_CONVERSION = YES;
				CLANG_WARN_NON_LITERAL_NULL_CONVERSION = YES;
				CLANG_WARN_OBJC_LITERAL_CONVERSION = YES;
				CLANG_WARN_OBJC_ROOT_CLASS = YES_ERROR;
				CLANG_WARN_RANGE_LOOP_ANALYSIS = YES;
				CLANG_WARN_STRICT_PROTOTYPES = YES;
				CLANG_WARN_SUSPICIOUS_MOVE = YES;
				CLANG_WARN_UNGUARDED_AVAILABILITY = YES_AGGRESSIVE;
				CLANG_WARN_UNREACHABLE_CODE = YES;
				CLANG_WARN__DUPLICATE_METHOD_MATCH = YES;
				CODE_SIGN_IDENTITY = "iPhone Developer";
				COPY_PHASE_STRIP = NO;
				DEBUG_INFORMATION_FORMAT = "dwarf-with-dsym";
				ENABLE_NS_ASSERTIONS = NO;
				ENABLE_STRICT_OBJC_MSGSEND = YES;
				GCC_C_LANGUAGE_STANDARD = gnu11;
				GCC_NO_COMMON_BLOCKS = YES;
				GCC_WARN_64_TO_32_BIT_CONVERSION = YES;
				GCC_WARN_ABOUT_RETURN_TYPE = YES_ERROR;
				GCC_WARN_UNDECLARED_SELECTOR = YES;
				GCC_WARN_UNINITIALIZED_AUTOS = YES_AGGRESSIVE;
				GCC_WARN_UNUSED_FUNCTION = YES;
				GCC_WARN_UNUSED_VARIABLE = YES;
				IPHONEOS_DEPLOYMENT_TARGET = 11.0;
				MTL_ENABLE_DEBUG_INFO = NO;
				SDKROOT = iphoneos;
				SWIFT_OPTIMIZATION_LEVEL = "-Owholemodule";
				VALIDATE_PRODUCT = YES;
			};
			name = Release;
		};
		FF7E30A81F3EFD0D00DF22B3 /* Debug */ = {
			isa = XCBuildConfiguration;
			buildSettings = {
				ASSETCATALOG_COMPILER_APPICON_NAME = AppIcon;
				DEVELOPMENT_TEAM = "";
				INFOPLIST_FILE = view_clipsToBounds/Info.plist;
				LD_RUNPATH_SEARCH_PATHS = "$(inherited) @executable_path/Frameworks";
				PRODUCT_BUNDLE_IDENTIFIER = "com.oshige.view-clipsToBounds";
				PRODUCT_NAME = "$(TARGET_NAME)";
				SWIFT_VERSION = 4.0;
				TARGETED_DEVICE_FAMILY = "1,2";
			};
			name = Debug;
		};
		FF7E30A91F3EFD0D00DF22B3 /* Release */ = {
			isa = XCBuildConfiguration;
			buildSettings = {
				ASSETCATALOG_COMPILER_APPICON_NAME = AppIcon;
				DEVELOPMENT_TEAM = "";
				INFOPLIST_FILE = view_clipsToBounds/Info.plist;
				LD_RUNPATH_SEARCH_PATHS = "$(inherited) @executable_path/Frameworks";
				PRODUCT_BUNDLE_IDENTIFIER = "com.oshige.view-clipsToBounds";
				PRODUCT_NAME = "$(TARGET_NAME)";
				SWIFT_VERSION = 4.0;
				TARGETED_DEVICE_FAMILY = "1,2";
			};
			name = Release;
		};
/* End XCBuildConfiguration section */

/* Begin XCConfigurationList section */
		FF7E30901F3EFD0D00DF22B3 /* Build configuration list for PBXProject "view_clipsToBounds" */ = {
			isa = XCConfigurationList;
			buildConfigurations = (
				FF7E30A51F3EFD0D00DF22B3 /* Debug */,
				FF7E30A61F3EFD0D00DF22B3 /* Release */,
			);
			defaultConfigurationIsVisible = 0;
			defaultConfigurationName = Release;
		};
		FF7E30A71F3EFD0D00DF22B3 /* Build configuration list for PBXNativeTarget "view_clipsToBounds" */ = {
			isa = XCConfigurationList;
			buildConfigurations = (
				FF7E30A81F3EFD0D00DF22B3 /* Debug */,
				FF7E30A91F3EFD0D00DF22B3 /* Release */,
			);
			defaultConfigurationIsVisible = 0;
			defaultConfigurationName = Release;
		};
/* End XCConfigurationList section */
	};
	rootObject = FF7E308D1F3EFD0D00DF22B3 /* Project object */;
}
